// !$*UTF8*$!
{
	archiveVersion = 1;
	classes = {
	};
	objectVersion = 55;
	objects = {

/* Begin PBXBuildFile section */
		4C11D8EE28B89B10009FCE1C /* TabMenuView.swift in Sources */ = {isa = PBXBuildFile; fileRef = 4C11D8ED28B89B10009FCE1C /* TabMenuView.swift */; };
		4C181C9128ACD16C0081BB98 /* NavigationBarWithButton.swift in Sources */ = {isa = PBXBuildFile; fileRef = 4C181C9028ACD16C0081BB98 /* NavigationBarWithButton.swift */; };
		4C181C9328ACD84A0081BB98 /* AssetMenu.swift in Sources */ = {isa = PBXBuildFile; fileRef = 4C181C9228ACD84A0081BB98 /* AssetMenu.swift */; };
		4C181C9528ACDBE90081BB98 /* AssetMenuButtonStyle.swift in Sources */ = {isa = PBXBuildFile; fileRef = 4C181C9428ACDBE90081BB98 /* AssetMenuButtonStyle.swift */; };
		4C181C9728ACE5330081BB98 /* AssetMenuGridView.swift in Sources */ = {isa = PBXBuildFile; fileRef = 4C181C9628ACE5330081BB98 /* AssetMenuGridView.swift */; };
		4C181C9928ACE6580081BB98 /* AssetView.swift in Sources */ = {isa = PBXBuildFile; fileRef = 4C181C9828ACE6580081BB98 /* AssetView.swift */; };
		4C181C9B28ACEA040081BB98 /* AssetBanner.swift in Sources */ = {isa = PBXBuildFile; fileRef = 4C181C9A28ACEA040081BB98 /* AssetBanner.swift */; };
		4C181C9E28ACEA420081BB98 /* BannerCard.swift in Sources */ = {isa = PBXBuildFile; fileRef = 4C181C9D28ACEA420081BB98 /* BannerCard.swift */; };
		4C181CA128ACEB320081BB98 /* PageViewController.swift in Sources */ = {isa = PBXBuildFile; fileRef = 4C181CA028ACEB320081BB98 /* PageViewController.swift */; };
		4C48F7DD28A913C20004D0B2 /* MyAssetApp.swift in Sources */ = {isa = PBXBuildFile; fileRef = 4C48F7DC28A913C20004D0B2 /* MyAssetApp.swift */; };
		4C48F7DF28A913C20004D0B2 /* ContentView.swift in Sources */ = {isa = PBXBuildFile; fileRef = 4C48F7DE28A913C20004D0B2 /* ContentView.swift */; };
		4C48F7E128A913C30004D0B2 /* Assets.xcassets in Resources */ = {isa = PBXBuildFile; fileRef = 4C48F7E028A913C30004D0B2 /* Assets.xcassets */; };
		4C48F7E428A913C30004D0B2 /* Preview Assets.xcassets in Resources */ = {isa = PBXBuildFile; fileRef = 4C48F7E328A913C30004D0B2 /* Preview Assets.xcassets */; };
		4C73A4CC28B3909400602658 /* PageControl.swift in Sources */ = {isa = PBXBuildFile; fileRef = 4C73A4CB28B3909400602658 /* PageControl.swift */; };
		4C73A4CE28B391EF00602658 /* AssetBannerView.swift in Sources */ = {isa = PBXBuildFile; fileRef = 4C73A4CD28B391EF00602658 /* AssetBannerView.swift */; };
		4C7DCD5128B3A97C00926C84 /* assets.json in Resources */ = {isa = PBXBuildFile; fileRef = 4C7DCD5028B3A97C00926C84 /* assets.json */; };
		4C7DCD5328B3A9CC00926C84 /* Asset.swift in Sources */ = {isa = PBXBuildFile; fileRef = 4C7DCD5228B3A9CC00926C84 /* Asset.swift */; };
		4C7DCD5528B3ACC800926C84 /* AssetSummaryData.swift in Sources */ = {isa = PBXBuildFile; fileRef = 4C7DCD5428B3ACC800926C84 /* AssetSummaryData.swift */; };
		4C7DCD5728B3AE2700926C84 /* AssetSectionHeaderView.swift in Sources */ = {isa = PBXBuildFile; fileRef = 4C7DCD5628B3AE2700926C84 /* AssetSectionHeaderView.swift */; };
		4C7DCD5928B3AEB300926C84 /* AssetSectionView.swift in Sources */ = {isa = PBXBuildFile; fileRef = 4C7DCD5828B3AEB300926C84 /* AssetSectionView.swift */; };
		4C7DCD5B28B3B01200926C84 /* AssetSummaryView.swift in Sources */ = {isa = PBXBuildFile; fileRef = 4C7DCD5A28B3B01200926C84 /* AssetSummaryView.swift */; };
/* End PBXBuildFile section */

/* Begin PBXFileReference section */
		4C11D8ED28B89B10009FCE1C /* TabMenuView.swift */ = {isa = PBXFileReference; lastKnownFileType = sourcecode.swift; path = TabMenuView.swift; sourceTree = "<group>"; };
		4C181C9028ACD16C0081BB98 /* NavigationBarWithButton.swift */ = {isa = PBXFileReference; lastKnownFileType = sourcecode.swift; path = NavigationBarWithButton.swift; sourceTree = "<group>"; };
		4C181C9228ACD84A0081BB98 /* AssetMenu.swift */ = {isa = PBXFileReference; lastKnownFileType = sourcecode.swift; path = AssetMenu.swift; sourceTree = "<group>"; };
		4C181C9428ACDBE90081BB98 /* AssetMenuButtonStyle.swift */ = {isa = PBXFileReference; lastKnownFileType = sourcecode.swift; path = AssetMenuButtonStyle.swift; sourceTree = "<group>"; };
		4C181C9628ACE5330081BB98 /* AssetMenuGridView.swift */ = {isa = PBXFileReference; lastKnownFileType = sourcecode.swift; path = AssetMenuGridView.swift; sourceTree = "<group>"; };
		4C181C9828ACE6580081BB98 /* AssetView.swift */ = {isa = PBXFileReference; lastKnownFileType = sourcecode.swift; path = AssetView.swift; sourceTree = "<group>"; };
		4C181C9A28ACEA040081BB98 /* AssetBanner.swift */ = {isa = PBXFileReference; lastKnownFileType = sourcecode.swift; path = AssetBanner.swift; sourceTree = "<group>"; };
		4C181C9D28ACEA420081BB98 /* BannerCard.swift */ = {isa = PBXFileReference; lastKnownFileType = sourcecode.swift; path = BannerCard.swift; sourceTree = "<group>"; };
		4C181CA028ACEB320081BB98 /* PageViewController.swift */ = {isa = PBXFileReference; lastKnownFileType = sourcecode.swift; path = PageViewController.swift; sourceTree = "<group>"; };
		4C48F7D928A913C20004D0B2 /* MyAsset.app */ = {isa = PBXFileReference; explicitFileType = wrapper.application; includeInIndex = 0; path = MyAsset.app; sourceTree = BUILT_PRODUCTS_DIR; };
		4C48F7DC28A913C20004D0B2 /* MyAssetApp.swift */ = {isa = PBXFileReference; lastKnownFileType = sourcecode.swift; path = MyAssetApp.swift; sourceTree = "<group>"; };
		4C48F7DE28A913C20004D0B2 /* ContentView.swift */ = {isa = PBXFileReference; lastKnownFileType = sourcecode.swift; path = ContentView.swift; sourceTree = "<group>"; };
		4C48F7E028A913C30004D0B2 /* Assets.xcassets */ = {isa = PBXFileReference; lastKnownFileType = folder.assetcatalog; path = Assets.xcassets; sourceTree = "<group>"; };
		4C48F7E328A913C30004D0B2 /* Preview Assets.xcassets */ = {isa = PBXFileReference; lastKnownFileType = folder.assetcatalog; path = "Preview Assets.xcassets"; sourceTree = "<group>"; };
		4C73A4CB28B3909400602658 /* PageControl.swift */ = {isa = PBXFileReference; lastKnownFileType = sourcecode.swift; path = PageControl.swift; sourceTree = "<group>"; };
		4C73A4CD28B391EF00602658 /* AssetBannerView.swift */ = {isa = PBXFileReference; lastKnownFileType = sourcecode.swift; path = AssetBannerView.swift; sourceTree = "<group>"; };
		4C7DCD5028B3A97C00926C84 /* assets.json */ = {isa = PBXFileReference; fileEncoding = 4; lastKnownFileType = text.json; path = assets.json; sourceTree = "<group>"; };
		4C7DCD5228B3A9CC00926C84 /* Asset.swift */ = {isa = PBXFileReference; lastKnownFileType = sourcecode.swift; path = Asset.swift; sourceTree = "<group>"; };
		4C7DCD5428B3ACC800926C84 /* AssetSummaryData.swift */ = {isa = PBXFileReference; lastKnownFileType = sourcecode.swift; path = AssetSummaryData.swift; sourceTree = "<group>"; };
		4C7DCD5628B3AE2700926C84 /* AssetSectionHeaderView.swift */ = {isa = PBXFileReference; lastKnownFileType = sourcecode.swift; path = AssetSectionHeaderView.swift; sourceTree = "<group>"; };
		4C7DCD5828B3AEB300926C84 /* AssetSectionView.swift */ = {isa = PBXFileReference; lastKnownFileType = sourcecode.swift; path = AssetSectionView.swift; sourceTree = "<group>"; };
		4C7DCD5A28B3B01200926C84 /* AssetSummaryView.swift */ = {isa = PBXFileReference; lastKnownFileType = sourcecode.swift; path = AssetSummaryView.swift; sourceTree = "<group>"; };
/* End PBXFileReference section */

/* Begin PBXFrameworksBuildPhase section */
		4C48F7D628A913C20004D0B2 /* Frameworks */ = {
			isa = PBXFrameworksBuildPhase;
			buildActionMask = 2147483647;
			files = (
			);
			runOnlyForDeploymentPostprocessing = 0;
		};
/* End PBXFrameworksBuildPhase section */

/* Begin PBXGroup section */
		4C181C9C28ACEA0E0081BB98 /* Entity */ = {
			isa = PBXGroup;
			children = (
				4C181C9A28ACEA040081BB98 /* AssetBanner.swift */,
				4C181C9228ACD84A0081BB98 /* AssetMenu.swift */,
				4C7DCD5228B3A9CC00926C84 /* Asset.swift */,
			);
			path = Entity;
			sourceTree = "<group>";
		};
		4C181C9F28ACEA570081BB98 /* AssetMenu */ = {
			isa = PBXGroup;
			children = (
				4C181C9428ACDBE90081BB98 /* AssetMenuButtonStyle.swift */,
				4C181C9628ACE5330081BB98 /* AssetMenuGridView.swift */,
			);
			path = AssetMenu;
			sourceTree = "<group>";
		};
		4C48F7D028A913C20004D0B2 = {
			isa = PBXGroup;
			children = (
				4C48F7DB28A913C20004D0B2 /* MyAsset */,
				4C48F7DA28A913C20004D0B2 /* Products */,
			);
			sourceTree = "<group>";
		};
		4C48F7DA28A913C20004D0B2 /* Products */ = {
			isa = PBXGroup;
			children = (
				4C48F7D928A913C20004D0B2 /* MyAsset.app */,
			);
			name = Products;
			sourceTree = "<group>";
		};
		4C48F7DB28A913C20004D0B2 /* MyAsset */ = {
			isa = PBXGroup;
			children = (
				4C7DCD5C28B3B15700926C84 /* AssetSummaryView */,
				4C73A4CF28B3921900602658 /* AssetBannerView */,
				4C181C9C28ACEA0E0081BB98 /* Entity */,
				4C48F7DC28A913C20004D0B2 /* MyAssetApp.swift */,
				4C48F7DE28A913C20004D0B2 /* ContentView.swift */,
				4C181C9828ACE6580081BB98 /* AssetView.swift */,
				4C181C9028ACD16C0081BB98 /* NavigationBarWithButton.swift */,
				4C181C9F28ACEA570081BB98 /* AssetMenu */,
				4C48F7E028A913C30004D0B2 /* Assets.xcassets */,
				4C7DCD5028B3A97C00926C84 /* assets.json */,
				4C48F7E228A913C30004D0B2 /* Preview Content */,
			);
			path = MyAsset;
			sourceTree = "<group>";
		};
		4C48F7E228A913C30004D0B2 /* Preview Content */ = {
			isa = PBXGroup;
			children = (
				4C48F7E328A913C30004D0B2 /* Preview Assets.xcassets */,
			);
			path = "Preview Content";
			sourceTree = "<group>";
		};
		4C73A4CF28B3921900602658 /* AssetBannerView */ = {
			isa = PBXGroup;
			children = (
				4C73A4CD28B391EF00602658 /* AssetBannerView.swift */,
				4C181C9D28ACEA420081BB98 /* BannerCard.swift */,
				4C181CA028ACEB320081BB98 /* PageViewController.swift */,
				4C73A4CB28B3909400602658 /* PageControl.swift */,
			);
			path = AssetBannerView;
			sourceTree = "<group>";
		};
		4C7DCD5C28B3B15700926C84 /* AssetSummaryView */ = {
			isa = PBXGroup;
			children = (
				4C7DCD5428B3ACC800926C84 /* AssetSummaryData.swift */,
				4C7DCD5628B3AE2700926C84 /* AssetSectionHeaderView.swift */,
				4C7DCD5828B3AEB300926C84 /* AssetSectionView.swift */,
				4C7DCD5A28B3B01200926C84 /* AssetSummaryView.swift */,
				4C11D8ED28B89B10009FCE1C /* TabMenuView.swift */,
			);
			path = AssetSummaryView;
			sourceTree = "<group>";
		};
/* End PBXGroup section */

/* Begin PBXNativeTarget section */
		4C48F7D828A913C20004D0B2 /* MyAsset */ = {
			isa = PBXNativeTarget;
			buildConfigurationList = 4C48F7E728A913C30004D0B2 /* Build configuration list for PBXNativeTarget "MyAsset" */;
			buildPhases = (
				4C48F7D528A913C20004D0B2 /* Sources */,
				4C48F7D628A913C20004D0B2 /* Frameworks */,
				4C48F7D728A913C20004D0B2 /* Resources */,
			);
			buildRules = (
			);
			dependencies = (
			);
			name = MyAsset;
			productName = MyAsset;
			productReference = 4C48F7D928A913C20004D0B2 /* MyAsset.app */;
			productType = "com.apple.product-type.application";
		};
/* End PBXNativeTarget section */

/* Begin PBXProject section */
		4C48F7D128A913C20004D0B2 /* Project object */ = {
			isa = PBXProject;
			attributes = {
				BuildIndependentTargetsInParallel = 1;
				LastSwiftUpdateCheck = 1340;
				LastUpgradeCheck = 1340;
				TargetAttributes = {
					4C48F7D828A913C20004D0B2 = {
						CreatedOnToolsVersion = 13.4.1;
					};
				};
			};
			buildConfigurationList = 4C48F7D428A913C20004D0B2 /* Build configuration list for PBXProject "MyAsset" */;
			compatibilityVersion = "Xcode 13.0";
			developmentRegion = en;
			hasScannedForEncodings = 0;
			knownRegions = (
				en,
				Base,
			);
			mainGroup = 4C48F7D028A913C20004D0B2;
			productRefGroup = 4C48F7DA28A913C20004D0B2 /* Products */;
			projectDirPath = "";
			projectRoot = "";
			targets = (
				4C48F7D828A913C20004D0B2 /* MyAsset */,
			);
		};
/* End PBXProject section */

/* Begin PBXResourcesBuildPhase section */
		4C48F7D728A913C20004D0B2 /* Resources */ = {
			isa = PBXResourcesBuildPhase;
			buildActionMask = 2147483647;
			files = (
				4C7DCD5128B3A97C00926C84 /* assets.json in Resources */,
				4C48F7E428A913C30004D0B2 /* Preview Assets.xcassets in Resources */,
				4C48F7E128A913C30004D0B2 /* Assets.xcassets in Resources */,
			);
			runOnlyForDeploymentPostprocessing = 0;
		};
/* End PBXResourcesBuildPhase section */

/* Begin PBXSourcesBuildPhase section */
		4C48F7D528A913C20004D0B2 /* Sources */ = {
			isa = PBXSourcesBuildPhase;
			buildActionMask = 2147483647;
			files = (
				4C181C9728ACE5330081BB98 /* AssetMenuGridView.swift in Sources */,
				4C7DCD5928B3AEB300926C84 /* AssetSectionView.swift in Sources */,
				4C7DCD5328B3A9CC00926C84 /* Asset.swift in Sources */,
				4C181CA128ACEB320081BB98 /* PageViewController.swift in Sources */,
				4C7DCD5528B3ACC800926C84 /* AssetSummaryData.swift in Sources */,
				4C7DCD5728B3AE2700926C84 /* AssetSectionHeaderView.swift in Sources */,
				4C7DCD5B28B3B01200926C84 /* AssetSummaryView.swift in Sources */,
				4C181C9128ACD16C0081BB98 /* NavigationBarWithButton.swift in Sources */,
				4C181C9B28ACEA040081BB98 /* AssetBanner.swift in Sources */,
				4C181C9928ACE6580081BB98 /* AssetView.swift in Sources */,
				4C48F7DF28A913C20004D0B2 /* ContentView.swift in Sources */,
				4C11D8EE28B89B10009FCE1C /* TabMenuView.swift in Sources */,
				4C48F7DD28A913C20004D0B2 /* MyAssetApp.swift in Sources */,
				4C181C9328ACD84A0081BB98 /* AssetMenu.swift in Sources */,
				4C73A4CC28B3909400602658 /* PageControl.swift in Sources */,
				4C73A4CE28B391EF00602658 /* AssetBannerView.swift in Sources */,
				4C181C9E28ACEA420081BB98 /* BannerCard.swift in Sources */,
				4C181C9528ACDBE90081BB98 /* AssetMenuButtonStyle.swift in Sources */,
			);
			runOnlyForDeploymentPostprocessing = 0;
		};
/* End PBXSourcesBuildPhase section */

/* Begin XCBuildConfiguration section */
		4C48F7E528A913C30004D0B2 /* Debug */ = {
			isa = XCBuildConfiguration;
			buildSettings = {
				ALWAYS_SEARCH_USER_PATHS = NO;
				CLANG_ANALYZER_NONNULL = YES;
				CLANG_ANALYZER_NUMBER_OBJECT_CONVERSION = YES_AGGRESSIVE;
				CLANG_CXX_LANGUAGE_STANDARD = "gnu++17";
				CLANG_ENABLE_MODULES = YES;
				CLANG_ENABLE_OBJC_ARC = YES;
				CLANG_ENABLE_OBJC_WEAK = YES;
				CLANG_WARN_BLOCK_CAPTURE_AUTORELEASING = YES;
				CLANG_WARN_BOOL_CONVERSION = YES;
				CLANG_WARN_COMMA = YES;
				CLANG_WARN_CONSTANT_CONVERSION = YES;
				CLANG_WARN_DEPRECATED_OBJC_IMPLEMENTATIONS = YES;
				CLANG_WARN_DIRECT_OBJC_ISA_USAGE = YES_ERROR;
				CLANG_WARN_DOCUMENTATION_COMMENTS = YES;
				CLANG_WARN_EMPTY_BODY = YES;
				CLANG_WARN_ENUM_CONVERSION = YES;
				CLANG_WARN_INFINITE_RECURSION = YES;
				CLANG_WARN_INT_CONVERSION = YES;
				CLANG_WARN_NON_LITERAL_NULL_CONVERSION = YES;
				CLANG_WARN_OBJC_IMPLICIT_RETAIN_SELF = YES;
				CLANG_WARN_OBJC_LITERAL_CONVERSION = YES;
				CLANG_WARN_OBJC_ROOT_CLASS = YES_ERROR;
				CLANG_WARN_QUOTED_INCLUDE_IN_FRAMEWORK_HEADER = YES;
				CLANG_WARN_RANGE_LOOP_ANALYSIS = YES;
				CLANG_WARN_STRICT_PROTOTYPES = YES;
				CLANG_WARN_SUSPICIOUS_MOVE = YES;
				CLANG_WARN_UNGUARDED_AVAILABILITY = YES_AGGRESSIVE;
				CLANG_WARN_UNREACHABLE_CODE = YES;
				CLANG_WARN__DUPLICATE_METHOD_MATCH = YES;
				COPY_PHASE_STRIP = NO;
				DEBUG_INFORMATION_FORMAT = dwarf;
				ENABLE_STRICT_OBJC_MSGSEND = YES;
				ENABLE_TESTABILITY = YES;
				GCC_C_LANGUAGE_STANDARD = gnu11;
				GCC_DYNAMIC_NO_PIC = NO;
				GCC_NO_COMMON_BLOCKS = YES;
				GCC_OPTIMIZATION_LEVEL = 0;
				GCC_PREPROCESSOR_DEFINITIONS = (
					"DEBUG=1",
					"$(inherited)",
				);
				GCC_WARN_64_TO_32_BIT_CONVERSION = YES;
				GCC_WARN_ABOUT_RETURN_TYPE = YES_ERROR;
				GCC_WARN_UNDECLARED_SELECTOR = YES;
				GCC_WARN_UNINITIALIZED_AUTOS = YES_AGGRESSIVE;
				GCC_WARN_UNUSED_FUNCTION = YES;
				GCC_WARN_UNUSED_VARIABLE = YES;
				IPHONEOS_DEPLOYMENT_TARGET = 15.5;
				MTL_ENABLE_DEBUG_INFO = INCLUDE_SOURCE;
				MTL_FAST_MATH = YES;
				ONLY_ACTIVE_ARCH = YES;
				SDKROOT = iphoneos;
				SWIFT_ACTIVE_COMPILATION_CONDITIONS = DEBUG;
				SWIFT_OPTIMIZATION_LEVEL = "-Onone";
			};
			name = Debug;
		};
		4C48F7E628A913C30004D0B2 /* Release */ = {
			isa = XCBuildConfiguration;
			buildSettings = {
				ALWAYS_SEARCH_USER_PATHS = NO;
				CLANG_ANALYZER_NONNULL = YES;
				CLANG_ANALYZER_NUMBER_OBJECT_CONVERSION = YES_AGGRESSIVE;
				CLANG_CXX_LANGUAGE_STANDARD = "gnu++17";
				CLANG_ENABLE_MODULES = YES;
				CLANG_ENABLE_OBJC_ARC = YES;
				CLANG_ENABLE_OBJC_WEAK = YES;
				CLANG_WARN_BLOCK_CAPTURE_AUTORELEASING = YES;
				CLANG_WARN_BOOL_CONVERSION = YES;
				CLANG_WARN_COMMA = YES;
				CLANG_WARN_CONSTANT_CONVERSION = YES;
				CLANG_WARN_DEPRECATED_OBJC_IMPLEMENTATIONS = YES;
				CLANG_WARN_DIRECT_OBJC_ISA_USAGE = YES_ERROR;
				CLANG_WARN_DOCUMENTATION_COMMENTS = YES;
				CLANG_WARN_EMPTY_BODY = YES;
				CLANG_WARN_ENUM_CONVERSION = YES;
				CLANG_WARN_INFINITE_RECURSION = YES;
				CLANG_WARN_INT_CONVERSION = YES;
				CLANG_WARN_NON_LITERAL_NULL_CONVERSION = YES;
				CLANG_WARN_OBJC_IMPLICIT_RETAIN_SELF = YES;
				CLANG_WARN_OBJC_LITERAL_CONVERSION = YES;
				CLANG_WARN_OBJC_ROOT_CLASS = YES_ERROR;
				CLANG_WARN_QUOTED_INCLUDE_IN_FRAMEWORK_HEADER = YES;
				CLANG_WARN_RANGE_LOOP_ANALYSIS = YES;
				CLANG_WARN_STRICT_PROTOTYPES = YES;
				CLANG_WARN_SUSPICIOUS_MOVE = YES;
				CLANG_WARN_UNGUARDED_AVAILABILITY = YES_AGGRESSIVE;
				CLANG_WARN_UNREACHABLE_CODE = YES;
				CLANG_WARN__DUPLICATE_METHOD_MATCH = YES;
				COPY_PHASE_STRIP = NO;
				DEBUG_INFORMATION_FORMAT = "dwarf-with-dsym";
				ENABLE_NS_ASSERTIONS = NO;
				ENABLE_STRICT_OBJC_MSGSEND = YES;
				GCC_C_LANGUAGE_STANDARD = gnu11;
				GCC_NO_COMMON_BLOCKS = YES;
				GCC_WARN_64_TO_32_BIT_CONVERSION = YES;
				GCC_WARN_ABOUT_RETURN_TYPE = YES_ERROR;
				GCC_WARN_UNDECLARED_SELECTOR = YES;
				GCC_WARN_UNINITIALIZED_AUTOS = YES_AGGRESSIVE;
				GCC_WARN_UNUSED_FUNCTION = YES;
				GCC_WARN_UNUSED_VARIABLE = YES;
				IPHONEOS_DEPLOYMENT_TARGET = 15.5;
				MTL_ENABLE_DEBUG_INFO = NO;
				MTL_FAST_MATH = YES;
				SDKROOT = iphoneos;
				SWIFT_COMPILATION_MODE = wholemodule;
				SWIFT_OPTIMIZATION_LEVEL = "-O";
				VALIDATE_PRODUCT = YES;
			};
			name = Release;
		};
		4C48F7E828A913C30004D0B2 /* Debug */ = {
			isa = XCBuildConfiguration;
			buildSettings = {
				ASSETCATALOG_COMPILER_APPICON_NAME = AppIcon;
				ASSETCATALOG_COMPILER_GLOBAL_ACCENT_COLOR_NAME = AccentColor;
				CODE_SIGN_STYLE = Automatic;
				CURRENT_PROJECT_VERSION = 1;
				DEVELOPMENT_ASSET_PATHS = "\"MyAsset/Preview Content\"";
				DEVELOPMENT_TEAM = 37GVH438CS;
				ENABLE_PREVIEWS = YES;
				GENERATE_INFOPLIST_FILE = YES;
				INFOPLIST_KEY_UIApplicationSceneManifest_Generation = YES;
				INFOPLIST_KEY_UIApplicationSupportsIndirectInputEvents = YES;
				INFOPLIST_KEY_UILaunchScreen_Generation = YES;
				INFOPLIST_KEY_UISupportedInterfaceOrientations_iPad = "UIInterfaceOrientationPortrait UIInterfaceOrientationPortraitUpsideDown UIInterfaceOrientationLandscapeLeft UIInterfaceOrientationLandscapeRight";
				INFOPLIST_KEY_UISupportedInterfaceOrientations_iPhone = "UIInterfaceOrientationPortrait UIInterfaceOrientationLandscapeLeft UIInterfaceOrientationLandscapeRight";
				INFOPLIST_KEY_UIUserInterfaceStyle = Light;
				LD_RUNPATH_SEARCH_PATHS = (
					"$(inherited)",
					"@executable_path/Frameworks",
				);
				MARKETING_VERSION = 1.0;
				PRODUCT_BUNDLE_IDENTIFIER = kr.co.eslerkang.MyAsset;
				PRODUCT_NAME = "$(TARGET_NAME)";
				SWIFT_EMIT_LOC_STRINGS = YES;
				SWIFT_VERSION = 5.0;
				TARGETED_DEVICE_FAMILY = "1,2";
			};
			name = Debug;
		};
		4C48F7E928A913C30004D0B2 /* Release */ = {
			isa = XCBuildConfiguration;
			buildSettings = {
				ASSETCATALOG_COMPILER_APPICON_NAME = AppIcon;
				ASSETCATALOG_COMPILER_GLOBAL_ACCENT_COLOR_NAME = AccentColor;
				CODE_SIGN_STYLE = Automatic;
				CURRENT_PROJECT_VERSION = 1;
				DEVELOPMENT_ASSET_PATHS = "\"MyAsset/Preview Content\"";
				DEVELOPMENT_TEAM = 37GVH438CS;
				ENABLE_PREVIEWS = YES;
				GENERATE_INFOPLIST_FILE = YES;
				INFOPLIST_KEY_UIApplicationSceneManifest_Generation = YES;
				INFOPLIST_KEY_UIApplicationSupportsIndirectInputEvents = YES;
				INFOPLIST_KEY_UILaunchScreen_Generation = YES;
				INFOPLIST_KEY_UISupportedInterfaceOrientations_iPad = "UIInterfaceOrientationPortrait UIInterfaceOrientationPortraitUpsideDown UIInterfaceOrientationLandscapeLeft UIInterfaceOrientationLandscapeRight";
				INFOPLIST_KEY_UISupportedInterfaceOrientations_iPhone = "UIInterfaceOrientationPortrait UIInterfaceOrientationLandscapeLeft UIInterfaceOrientationLandscapeRight";
				INFOPLIST_KEY_UIUserInterfaceStyle = Light;
				LD_RUNPATH_SEARCH_PATHS = (
					"$(inherited)",
					"@executable_path/Frameworks",
				);
				MARKETING_VERSION = 1.0;
				PRODUCT_BUNDLE_IDENTIFIER = kr.co.eslerkang.MyAsset;
				PRODUCT_NAME = "$(TARGET_NAME)";
				SWIFT_EMIT_LOC_STRINGS = YES;
				SWIFT_VERSION = 5.0;
				TARGETED_DEVICE_FAMILY = "1,2";
			};
			name = Release;
		};
/* End XCBuildConfiguration section */

/* Begin XCConfigurationList section */
		4C48F7D428A913C20004D0B2 /* Build configuration list for PBXProject "MyAsset" */ = {
			isa = XCConfigurationList;
			buildConfigurations = (
				4C48F7E528A913C30004D0B2 /* Debug */,
				4C48F7E628A913C30004D0B2 /* Release */,
			);
			defaultConfigurationIsVisible = 0;
			defaultConfigurationName = Release;
		};
		4C48F7E728A913C30004D0B2 /* Build configuration list for PBXNativeTarget "MyAsset" */ = {
			isa = XCConfigurationList;
			buildConfigurations = (
				4C48F7E828A913C30004D0B2 /* Debug */,
				4C48F7E928A913C30004D0B2 /* Release */,
			);
			defaultConfigurationIsVisible = 0;
			defaultConfigurationName = Release;
		};
/* End XCConfigurationList section */
	};
	rootObject = 4C48F7D128A913C20004D0B2 /* Project object */;
}
