// !$*UTF8*$!
{
	archiveVersion = 1;
	classes = {
	};
	objectVersion = 55;
	objects = {

/* Begin PBXBuildFile section */
		4C30F0A42867410F008392FD /* GoogleService-Info.plist in Resources */ = {isa = PBXBuildFile; fileRef = 4C30F0A32867410F008392FD /* GoogleService-Info.plist */; };
		4C56B2FF286728FD00B27D57 /* AppDelegate.swift in Sources */ = {isa = PBXBuildFile; fileRef = 4C56B2FE286728FD00B27D57 /* AppDelegate.swift */; };
		4C56B301286728FD00B27D57 /* SceneDelegate.swift in Sources */ = {isa = PBXBuildFile; fileRef = 4C56B300286728FD00B27D57 /* SceneDelegate.swift */; };
		4C56B303286728FD00B27D57 /* ViewController.swift in Sources */ = {isa = PBXBuildFile; fileRef = 4C56B302286728FD00B27D57 /* ViewController.swift */; };
		4C56B306286728FD00B27D57 /* Main.storyboard in Resources */ = {isa = PBXBuildFile; fileRef = 4C56B304286728FD00B27D57 /* Main.storyboard */; };
		4C56B308286728FE00B27D57 /* Assets.xcassets in Resources */ = {isa = PBXBuildFile; fileRef = 4C56B307286728FE00B27D57 /* Assets.xcassets */; };
		4C56B30B286728FE00B27D57 /* LaunchScreen.storyboard in Resources */ = {isa = PBXBuildFile; fileRef = 4C56B309286728FE00B27D57 /* LaunchScreen.storyboard */; };
		4C56B3132867292B00B27D57 /* CardListTableViewController.swift in Sources */ = {isa = PBXBuildFile; fileRef = 4C56B3122867292B00B27D57 /* CardListTableViewController.swift */; };
		4C56B31528672A2300B27D57 /* CreditCard.swift in Sources */ = {isa = PBXBuildFile; fileRef = 4C56B31428672A2300B27D57 /* CreditCard.swift */; };
		4C56B31828672ADB00B27D57 /* CardListTableViewCell.swift in Sources */ = {isa = PBXBuildFile; fileRef = 4C56B31628672ADB00B27D57 /* CardListTableViewCell.swift */; };
		4C56B31928672ADB00B27D57 /* CardListTableViewCell.xib in Resources */ = {isa = PBXBuildFile; fileRef = 4C56B31728672ADB00B27D57 /* CardListTableViewCell.xib */; };
		4CA00346286736C000E5A51F /* CardDetailViewController.swift in Sources */ = {isa = PBXBuildFile; fileRef = 4CA00345286736C000E5A51F /* CardDetailViewController.swift */; };
		4CA003482867388F00E5A51F /* money.json in Resources */ = {isa = PBXBuildFile; fileRef = 4CA003472867388F00E5A51F /* money.json */; };
		F68F71D14B1EB80D5E00757E /* Pods_CreditCardList.framework in Frameworks */ = {isa = PBXBuildFile; fileRef = 3610742485CD731BCCB8949F /* Pods_CreditCardList.framework */; };
/* End PBXBuildFile section */

/* Begin PBXFileReference section */
		2C15E2105259E7B4D5C8B4D4 /* Pods-CreditCardList.release.xcconfig */ = {isa = PBXFileReference; includeInIndex = 1; lastKnownFileType = text.xcconfig; name = "Pods-CreditCardList.release.xcconfig"; path = "Target Support Files/Pods-CreditCardList/Pods-CreditCardList.release.xcconfig"; sourceTree = "<group>"; };
		2DD42FD04B157163B04DF095 /* Pods-CreditCardList.debug.xcconfig */ = {isa = PBXFileReference; includeInIndex = 1; lastKnownFileType = text.xcconfig; name = "Pods-CreditCardList.debug.xcconfig"; path = "Target Support Files/Pods-CreditCardList/Pods-CreditCardList.debug.xcconfig"; sourceTree = "<group>"; };
		3610742485CD731BCCB8949F /* Pods_CreditCardList.framework */ = {isa = PBXFileReference; explicitFileType = wrapper.framework; includeInIndex = 0; path = Pods_CreditCardList.framework; sourceTree = BUILT_PRODUCTS_DIR; };
		4C30F0A32867410F008392FD /* GoogleService-Info.plist */ = {isa = PBXFileReference; lastKnownFileType = text.plist; path = "GoogleService-Info.plist"; sourceTree = SOURCE_ROOT; };
		4C56B2FB286728FD00B27D57 /* CreditCardList.app */ = {isa = PBXFileReference; explicitFileType = wrapper.application; includeInIndex = 0; path = CreditCardList.app; sourceTree = BUILT_PRODUCTS_DIR; };
		4C56B2FE286728FD00B27D57 /* AppDelegate.swift */ = {isa = PBXFileReference; lastKnownFileType = sourcecode.swift; path = AppDelegate.swift; sourceTree = "<group>"; };
		4C56B300286728FD00B27D57 /* SceneDelegate.swift */ = {isa = PBXFileReference; lastKnownFileType = sourcecode.swift; path = SceneDelegate.swift; sourceTree = "<group>"; };
		4C56B302286728FD00B27D57 /* ViewController.swift */ = {isa = PBXFileReference; lastKnownFileType = sourcecode.swift; path = ViewController.swift; sourceTree = "<group>"; };
		4C56B305286728FD00B27D57 /* Base */ = {isa = PBXFileReference; lastKnownFileType = file.storyboard; name = Base; path = Base.lproj/Main.storyboard; sourceTree = "<group>"; };
		4C56B307286728FE00B27D57 /* Assets.xcassets */ = {isa = PBXFileReference; lastKnownFileType = folder.assetcatalog; path = Assets.xcassets; sourceTree = "<group>"; };
		4C56B30A286728FE00B27D57 /* Base */ = {isa = PBXFileReference; lastKnownFileType = file.storyboard; name = Base; path = Base.lproj/LaunchScreen.storyboard; sourceTree = "<group>"; };
		4C56B30C286728FE00B27D57 /* Info.plist */ = {isa = PBXFileReference; lastKnownFileType = text.plist.xml; path = Info.plist; sourceTree = "<group>"; };
		4C56B3122867292B00B27D57 /* CardListTableViewController.swift */ = {isa = PBXFileReference; lastKnownFileType = sourcecode.swift; path = CardListTableViewController.swift; sourceTree = "<group>"; };
		4C56B31428672A2300B27D57 /* CreditCard.swift */ = {isa = PBXFileReference; lastKnownFileType = sourcecode.swift; path = CreditCard.swift; sourceTree = "<group>"; };
		4C56B31628672ADB00B27D57 /* CardListTableViewCell.swift */ = {isa = PBXFileReference; lastKnownFileType = sourcecode.swift; path = CardListTableViewCell.swift; sourceTree = "<group>"; };
		4C56B31728672ADB00B27D57 /* CardListTableViewCell.xib */ = {isa = PBXFileReference; lastKnownFileType = file.xib; path = CardListTableViewCell.xib; sourceTree = "<group>"; };
		4CA00345286736C000E5A51F /* CardDetailViewController.swift */ = {isa = PBXFileReference; lastKnownFileType = sourcecode.swift; path = CardDetailViewController.swift; sourceTree = "<group>"; };
		4CA003472867388F00E5A51F /* money.json */ = {isa = PBXFileReference; fileEncoding = 4; lastKnownFileType = text.json; name = money.json; path = "../../../../Downloads/Part 3/Ch2_CreditCardList/money.json"; sourceTree = "<group>"; };
/* End PBXFileReference section */

/* Begin PBXFrameworksBuildPhase section */
		4C56B2F8286728FD00B27D57 /* Frameworks */ = {
			isa = PBXFrameworksBuildPhase;
			buildActionMask = 2147483647;
			files = (
				F68F71D14B1EB80D5E00757E /* Pods_CreditCardList.framework in Frameworks */,
			);
			runOnlyForDeploymentPostprocessing = 0;
		};
/* End PBXFrameworksBuildPhase section */

/* Begin PBXGroup section */
		16433F84AFAE5FFFF617085A /* Frameworks */ = {
			isa = PBXGroup;
			children = (
				3610742485CD731BCCB8949F /* Pods_CreditCardList.framework */,
			);
			name = Frameworks;
			sourceTree = "<group>";
		};
		4C56B2F2286728FD00B27D57 = {
			isa = PBXGroup;
			children = (
				4C56B2FD286728FD00B27D57 /* CreditCardList */,
				4C56B2FC286728FD00B27D57 /* Products */,
				8A390AC36C0F44CF342F3C31 /* Pods */,
				16433F84AFAE5FFFF617085A /* Frameworks */,
			);
			sourceTree = "<group>";
		};
		4C56B2FC286728FD00B27D57 /* Products */ = {
			isa = PBXGroup;
			children = (
				4C56B2FB286728FD00B27D57 /* CreditCardList.app */,
			);
			name = Products;
			sourceTree = "<group>";
		};
		4C56B2FD286728FD00B27D57 /* CreditCardList */ = {
			isa = PBXGroup;
			children = (
				4CA003472867388F00E5A51F /* money.json */,
				4C56B2FE286728FD00B27D57 /* AppDelegate.swift */,
				4C56B300286728FD00B27D57 /* SceneDelegate.swift */,
				4C56B302286728FD00B27D57 /* ViewController.swift */,
				4C56B304286728FD00B27D57 /* Main.storyboard */,
				4C56B3122867292B00B27D57 /* CardListTableViewController.swift */,
				4C56B307286728FE00B27D57 /* Assets.xcassets */,
				4C56B309286728FE00B27D57 /* LaunchScreen.storyboard */,
				4C56B30C286728FE00B27D57 /* Info.plist */,
				4C56B31428672A2300B27D57 /* CreditCard.swift */,
				4C56B31628672ADB00B27D57 /* CardListTableViewCell.swift */,
				4C56B31728672ADB00B27D57 /* CardListTableViewCell.xib */,
				4CA00345286736C000E5A51F /* CardDetailViewController.swift */,
				4C30F0A32867410F008392FD /* GoogleService-Info.plist */,
			);
			path = CreditCardList;
			sourceTree = "<group>";
		};
		8A390AC36C0F44CF342F3C31 /* Pods */ = {
			isa = PBXGroup;
			children = (
				2DD42FD04B157163B04DF095 /* Pods-CreditCardList.debug.xcconfig */,
				2C15E2105259E7B4D5C8B4D4 /* Pods-CreditCardList.release.xcconfig */,
			);
			path = Pods;
			sourceTree = "<group>";
		};
/* End PBXGroup section */

/* Begin PBXNativeTarget section */
		4C56B2FA286728FD00B27D57 /* CreditCardList */ = {
			isa = PBXNativeTarget;
			buildConfigurationList = 4C56B30F286728FE00B27D57 /* Build configuration list for PBXNativeTarget "CreditCardList" */;
			buildPhases = (
				3A03F0C3E03C4D099BF34121 /* [CP] Check Pods Manifest.lock */,
				4C56B2F7286728FD00B27D57 /* Sources */,
				4C56B2F8286728FD00B27D57 /* Frameworks */,
				4C56B2F9286728FD00B27D57 /* Resources */,
				F5F533737F93344C30A18D48 /* [CP] Embed Pods Frameworks */,
			);
			buildRules = (
			);
			dependencies = (
			);
			name = CreditCardList;
			productName = CreditCardList;
			productReference = 4C56B2FB286728FD00B27D57 /* CreditCardList.app */;
			productType = "com.apple.product-type.application";
		};
/* End PBXNativeTarget section */

/* Begin PBXProject section */
		4C56B2F3286728FD00B27D57 /* Project object */ = {
			isa = PBXProject;
			attributes = {
				BuildIndependentTargetsInParallel = 1;
				LastSwiftUpdateCheck = 1340;
				LastUpgradeCheck = 1340;
				TargetAttributes = {
					4C56B2FA286728FD00B27D57 = {
						CreatedOnToolsVersion = 13.4.1;
					};
				};
			};
			buildConfigurationList = 4C56B2F6286728FD00B27D57 /* Build configuration list for PBXProject "CreditCardList" */;
			compatibilityVersion = "Xcode 13.0";
			developmentRegion = en;
			hasScannedForEncodings = 0;
			knownRegions = (
				en,
				Base,
			);
			mainGroup = 4C56B2F2286728FD00B27D57;
			productRefGroup = 4C56B2FC286728FD00B27D57 /* Products */;
			projectDirPath = "";
			projectRoot = "";
			targets = (
				4C56B2FA286728FD00B27D57 /* CreditCardList */,
			);
		};
/* End PBXProject section */

/* Begin PBXResourcesBuildPhase section */
		4C56B2F9286728FD00B27D57 /* Resources */ = {
			isa = PBXResourcesBuildPhase;
			buildActionMask = 2147483647;
			files = (
				4C56B30B286728FE00B27D57 /* LaunchScreen.storyboard in Resources */,
				4C56B308286728FE00B27D57 /* Assets.xcassets in Resources */,
				4CA003482867388F00E5A51F /* money.json in Resources */,
				4C56B306286728FD00B27D57 /* Main.storyboard in Resources */,
				4C56B31928672ADB00B27D57 /* CardListTableViewCell.xib in Resources */,
				4C30F0A42867410F008392FD /* GoogleService-Info.plist in Resources */,
			);
			runOnlyForDeploymentPostprocessing = 0;
		};
/* End PBXResourcesBuildPhase section */

/* Begin PBXShellScriptBuildPhase section */
		3A03F0C3E03C4D099BF34121 /* [CP] Check Pods Manifest.lock */ = {
			isa = PBXShellScriptBuildPhase;
			buildActionMask = 2147483647;
			files = (
			);
			inputFileListPaths = (
			);
			inputPaths = (
				"${PODS_PODFILE_DIR_PATH}/Podfile.lock",
				"${PODS_ROOT}/Manifest.lock",
			);
			name = "[CP] Check Pods Manifest.lock";
			outputFileListPaths = (
			);
			outputPaths = (
				"$(DERIVED_FILE_DIR)/Pods-CreditCardList-checkManifestLockResult.txt",
			);
			runOnlyForDeploymentPostprocessing = 0;
			shellPath = /bin/sh;
			shellScript = "diff \"${PODS_PODFILE_DIR_PATH}/Podfile.lock\" \"${PODS_ROOT}/Manifest.lock\" > /dev/null\nif [ $? != 0 ] ; then\n    # print error to STDERR\n    echo \"error: The sandbox is not in sync with the Podfile.lock. Run 'pod install' or update your CocoaPods installation.\" >&2\n    exit 1\nfi\n# This output is used by Xcode 'outputs' to avoid re-running this script phase.\necho \"SUCCESS\" > \"${SCRIPT_OUTPUT_FILE_0}\"\n";
			showEnvVarsInLog = 0;
		};
		F5F533737F93344C30A18D48 /* [CP] Embed Pods Frameworks */ = {
			isa = PBXShellScriptBuildPhase;
			buildActionMask = 2147483647;
			files = (
			);
			inputFileListPaths = (
				"${PODS_ROOT}/Target Support Files/Pods-CreditCardList/Pods-CreditCardList-frameworks-${CONFIGURATION}-input-files.xcfilelist",
			);
			name = "[CP] Embed Pods Frameworks";
			outputFileListPaths = (
				"${PODS_ROOT}/Target Support Files/Pods-CreditCardList/Pods-CreditCardList-frameworks-${CONFIGURATION}-output-files.xcfilelist",
			);
			runOnlyForDeploymentPostprocessing = 0;
			shellPath = /bin/sh;
			shellScript = "\"${PODS_ROOT}/Target Support Files/Pods-CreditCardList/Pods-CreditCardList-frameworks.sh\"\n";
			showEnvVarsInLog = 0;
		};
/* End PBXShellScriptBuildPhase section */

/* Begin PBXSourcesBuildPhase section */
		4C56B2F7286728FD00B27D57 /* Sources */ = {
			isa = PBXSourcesBuildPhase;
			buildActionMask = 2147483647;
			files = (
				4C56B303286728FD00B27D57 /* ViewController.swift in Sources */,
				4C56B31528672A2300B27D57 /* CreditCard.swift in Sources */,
				4C56B2FF286728FD00B27D57 /* AppDelegate.swift in Sources */,
				4C56B301286728FD00B27D57 /* SceneDelegate.swift in Sources */,
				4C56B3132867292B00B27D57 /* CardListTableViewController.swift in Sources */,
				4C56B31828672ADB00B27D57 /* CardListTableViewCell.swift in Sources */,
				4CA00346286736C000E5A51F /* CardDetailViewController.swift in Sources */,
			);
			runOnlyForDeploymentPostprocessing = 0;
		};
/* End PBXSourcesBuildPhase section */

/* Begin PBXVariantGroup section */
		4C56B304286728FD00B27D57 /* Main.storyboard */ = {
			isa = PBXVariantGroup;
			children = (
				4C56B305286728FD00B27D57 /* Base */,
			);
			name = Main.storyboard;
			sourceTree = "<group>";
		};
		4C56B309286728FE00B27D57 /* LaunchScreen.storyboard */ = {
			isa = PBXVariantGroup;
			children = (
				4C56B30A286728FE00B27D57 /* Base */,
			);
			name = LaunchScreen.storyboard;
			sourceTree = "<group>";
		};
/* End PBXVariantGroup section */

/* Begin XCBuildConfiguration section */
		4C56B30D286728FE00B27D57 /* Debug */ = {
			isa = XCBuildConfiguration;
			buildSettings = {
				ALWAYS_SEARCH_USER_PATHS = NO;
				CLANG_ANALYZER_NONNULL = YES;
				CLANG_ANALYZER_NUMBER_OBJECT_CONVERSION = YES_AGGRESSIVE;
				CLANG_CXX_LANGUAGE_STANDARD = "gnu++17";
				CLANG_ENABLE_MODULES = YES;
				CLANG_ENABLE_OBJC_ARC = YES;
				CLANG_ENABLE_OBJC_WEAK = YES;
				CLANG_WARN_BLOCK_CAPTURE_AUTORELEASING = YES;
				CLANG_WARN_BOOL_CONVERSION = YES;
				CLANG_WARN_COMMA = YES;
				CLANG_WARN_CONSTANT_CONVERSION = YES;
				CLANG_WARN_DEPRECATED_OBJC_IMPLEMENTATIONS = YES;
				CLANG_WARN_DIRECT_OBJC_ISA_USAGE = YES_ERROR;
				CLANG_WARN_DOCUMENTATION_COMMENTS = YES;
				CLANG_WARN_EMPTY_BODY = YES;
				CLANG_WARN_ENUM_CONVERSION = YES;
				CLANG_WARN_INFINITE_RECURSION = YES;
				CLANG_WARN_INT_CONVERSION = YES;
				CLANG_WARN_NON_LITERAL_NULL_CONVERSION = YES;
				CLANG_WARN_OBJC_IMPLICIT_RETAIN_SELF = YES;
				CLANG_WARN_OBJC_LITERAL_CONVERSION = YES;
				CLANG_WARN_OBJC_ROOT_CLASS = YES_ERROR;
				CLANG_WARN_QUOTED_INCLUDE_IN_FRAMEWORK_HEADER = YES;
				CLANG_WARN_RANGE_LOOP_ANALYSIS = YES;
				CLANG_WARN_STRICT_PROTOTYPES = YES;
				CLANG_WARN_SUSPICIOUS_MOVE = YES;
				CLANG_WARN_UNGUARDED_AVAILABILITY = YES_AGGRESSIVE;
				CLANG_WARN_UNREACHABLE_CODE = YES;
				CLANG_WARN__DUPLICATE_METHOD_MATCH = YES;
				COPY_PHASE_STRIP = NO;
				DEBUG_INFORMATION_FORMAT = dwarf;
				ENABLE_STRICT_OBJC_MSGSEND = YES;
				ENABLE_TESTABILITY = YES;
				GCC_C_LANGUAGE_STANDARD = gnu11;
				GCC_DYNAMIC_NO_PIC = NO;
				GCC_NO_COMMON_BLOCKS = YES;
				GCC_OPTIMIZATION_LEVEL = 0;
				GCC_PREPROCESSOR_DEFINITIONS = (
					"DEBUG=1",
					"$(inherited)",
				);
				GCC_WARN_64_TO_32_BIT_CONVERSION = YES;
				GCC_WARN_ABOUT_RETURN_TYPE = YES_ERROR;
				GCC_WARN_UNDECLARED_SELECTOR = YES;
				GCC_WARN_UNINITIALIZED_AUTOS = YES_AGGRESSIVE;
				GCC_WARN_UNUSED_FUNCTION = YES;
				GCC_WARN_UNUSED_VARIABLE = YES;
				IPHONEOS_DEPLOYMENT_TARGET = 15.5;
				MTL_ENABLE_DEBUG_INFO = INCLUDE_SOURCE;
				MTL_FAST_MATH = YES;
				ONLY_ACTIVE_ARCH = YES;
				SDKROOT = iphoneos;
				SWIFT_ACTIVE_COMPILATION_CONDITIONS = DEBUG;
				SWIFT_OPTIMIZATION_LEVEL = "-Onone";
			};
			name = Debug;
		};
		4C56B30E286728FE00B27D57 /* Release */ = {
			isa = XCBuildConfiguration;
			buildSettings = {
				ALWAYS_SEARCH_USER_PATHS = NO;
				CLANG_ANALYZER_NONNULL = YES;
				CLANG_ANALYZER_NUMBER_OBJECT_CONVERSION = YES_AGGRESSIVE;
				CLANG_CXX_LANGUAGE_STANDARD = "gnu++17";
				CLANG_ENABLE_MODULES = YES;
				CLANG_ENABLE_OBJC_ARC = YES;
				CLANG_ENABLE_OBJC_WEAK = YES;
				CLANG_WARN_BLOCK_CAPTURE_AUTORELEASING = YES;
				CLANG_WARN_BOOL_CONVERSION = YES;
				CLANG_WARN_COMMA = YES;
				CLANG_WARN_CONSTANT_CONVERSION = YES;
				CLANG_WARN_DEPRECATED_OBJC_IMPLEMENTATIONS = YES;
				CLANG_WARN_DIRECT_OBJC_ISA_USAGE = YES_ERROR;
				CLANG_WARN_DOCUMENTATION_COMMENTS = YES;
				CLANG_WARN_EMPTY_BODY = YES;
				CLANG_WARN_ENUM_CONVERSION = YES;
				CLANG_WARN_INFINITE_RECURSION = YES;
				CLANG_WARN_INT_CONVERSION = YES;
				CLANG_WARN_NON_LITERAL_NULL_CONVERSION = YES;
				CLANG_WARN_OBJC_IMPLICIT_RETAIN_SELF = YES;
				CLANG_WARN_OBJC_LITERAL_CONVERSION = YES;
				CLANG_WARN_OBJC_ROOT_CLASS = YES_ERROR;
				CLANG_WARN_QUOTED_INCLUDE_IN_FRAMEWORK_HEADER = YES;
				CLANG_WARN_RANGE_LOOP_ANALYSIS = YES;
				CLANG_WARN_STRICT_PROTOTYPES = YES;
				CLANG_WARN_SUSPICIOUS_MOVE = YES;
				CLANG_WARN_UNGUARDED_AVAILABILITY = YES_AGGRESSIVE;
				CLANG_WARN_UNREACHABLE_CODE = YES;
				CLANG_WARN__DUPLICATE_METHOD_MATCH = YES;
				COPY_PHASE_STRIP = NO;
				DEBUG_INFORMATION_FORMAT = "dwarf-with-dsym";
				ENABLE_NS_ASSERTIONS = NO;
				ENABLE_STRICT_OBJC_MSGSEND = YES;
				GCC_C_LANGUAGE_STANDARD = gnu11;
				GCC_NO_COMMON_BLOCKS = YES;
				GCC_WARN_64_TO_32_BIT_CONVERSION = YES;
				GCC_WARN_ABOUT_RETURN_TYPE = YES_ERROR;
				GCC_WARN_UNDECLARED_SELECTOR = YES;
				GCC_WARN_UNINITIALIZED_AUTOS = YES_AGGRESSIVE;
				GCC_WARN_UNUSED_FUNCTION = YES;
				GCC_WARN_UNUSED_VARIABLE = YES;
				IPHONEOS_DEPLOYMENT_TARGET = 15.5;
				MTL_ENABLE_DEBUG_INFO = NO;
				MTL_FAST_MATH = YES;
				SDKROOT = iphoneos;
				SWIFT_COMPILATION_MODE = wholemodule;
				SWIFT_OPTIMIZATION_LEVEL = "-O";
				VALIDATE_PRODUCT = YES;
			};
			name = Release;
		};
		4C56B310286728FE00B27D57 /* Debug */ = {
			isa = XCBuildConfiguration;
			baseConfigurationReference = 2DD42FD04B157163B04DF095 /* Pods-CreditCardList.debug.xcconfig */;
			buildSettings = {
				ASSETCATALOG_COMPILER_APPICON_NAME = AppIcon;
				ASSETCATALOG_COMPILER_GLOBAL_ACCENT_COLOR_NAME = AccentColor;
				CODE_SIGN_STYLE = Automatic;
				CURRENT_PROJECT_VERSION = 1;
				DEVELOPMENT_TEAM = 37GVH438CS;
				GENERATE_INFOPLIST_FILE = YES;
				INFOPLIST_FILE = CreditCardList/Info.plist;
				INFOPLIST_KEY_UIApplicationSupportsIndirectInputEvents = YES;
				INFOPLIST_KEY_UILaunchStoryboardName = LaunchScreen;
				INFOPLIST_KEY_UIMainStoryboardFile = Main;
				INFOPLIST_KEY_UISupportedInterfaceOrientations_iPad = "UIInterfaceOrientationPortrait UIInterfaceOrientationPortraitUpsideDown UIInterfaceOrientationLandscapeLeft UIInterfaceOrientationLandscapeRight";
				INFOPLIST_KEY_UISupportedInterfaceOrientations_iPhone = "UIInterfaceOrientationPortrait UIInterfaceOrientationLandscapeLeft UIInterfaceOrientationLandscapeRight";
				LD_RUNPATH_SEARCH_PATHS = (
					"$(inherited)",
					"@executable_path/Frameworks",
				);
				MARKETING_VERSION = 1.0;
				PRODUCT_BUNDLE_IDENTIFIER = kr.co.eslerkang.CreditCardList;
				PRODUCT_NAME = "$(TARGET_NAME)";
				SWIFT_EMIT_LOC_STRINGS = YES;
				SWIFT_VERSION = 5.0;
				TARGETED_DEVICE_FAMILY = "1,2";
			};
			name = Debug;
		};
		4C56B311286728FE00B27D57 /* Release */ = {
			isa = XCBuildConfiguration;
			baseConfigurationReference = 2C15E2105259E7B4D5C8B4D4 /* Pods-CreditCardList.release.xcconfig */;
			buildSettings = {
				ASSETCATALOG_COMPILER_APPICON_NAME = AppIcon;
				ASSETCATALOG_COMPILER_GLOBAL_ACCENT_COLOR_NAME = AccentColor;
				CODE_SIGN_STYLE = Automatic;
				CURRENT_PROJECT_VERSION = 1;
				DEVELOPMENT_TEAM = 37GVH438CS;
				GENERATE_INFOPLIST_FILE = YES;
				INFOPLIST_FILE = CreditCardList/Info.plist;
				INFOPLIST_KEY_UIApplicationSupportsIndirectInputEvents = YES;
				INFOPLIST_KEY_UILaunchStoryboardName = LaunchScreen;
				INFOPLIST_KEY_UIMainStoryboardFile = Main;
				INFOPLIST_KEY_UISupportedInterfaceOrientations_iPad = "UIInterfaceOrientationPortrait UIInterfaceOrientationPortraitUpsideDown UIInterfaceOrientationLandscapeLeft UIInterfaceOrientationLandscapeRight";
				INFOPLIST_KEY_UISupportedInterfaceOrientations_iPhone = "UIInterfaceOrientationPortrait UIInterfaceOrientationLandscapeLeft UIInterfaceOrientationLandscapeRight";
				LD_RUNPATH_SEARCH_PATHS = (
					"$(inherited)",
					"@executable_path/Frameworks",
				);
				MARKETING_VERSION = 1.0;
				PRODUCT_BUNDLE_IDENTIFIER = kr.co.eslerkang.CreditCardList;
				PRODUCT_NAME = "$(TARGET_NAME)";
				SWIFT_EMIT_LOC_STRINGS = YES;
				SWIFT_VERSION = 5.0;
				TARGETED_DEVICE_FAMILY = "1,2";
			};
			name = Release;
		};
/* End XCBuildConfiguration section */

/* Begin XCConfigurationList section */
		4C56B2F6286728FD00B27D57 /* Build configuration list for PBXProject "CreditCardList" */ = {
			isa = XCConfigurationList;
			buildConfigurations = (
				4C56B30D286728FE00B27D57 /* Debug */,
				4C56B30E286728FE00B27D57 /* Release */,
			);
			defaultConfigurationIsVisible = 0;
			defaultConfigurationName = Release;
		};
		4C56B30F286728FE00B27D57 /* Build configuration list for PBXNativeTarget "CreditCardList" */ = {
			isa = XCConfigurationList;
			buildConfigurations = (
				4C56B310286728FE00B27D57 /* Debug */,
				4C56B311286728FE00B27D57 /* Release */,
			);
			defaultConfigurationIsVisible = 0;
			defaultConfigurationName = Release;
		};
/* End XCConfigurationList section */
	};
	rootObject = 4C56B2F3286728FD00B27D57 /* Project object */;
}
