// !$*UTF8*$!
{
	archiveVersion = 1;
	classes = {
	};
	objectVersion = 55;
	objects = {

/* Begin PBXBuildFile section */
		4CCA2DE028892E1E00D70878 /* RemoteConfigDefaults.plist in Resources */ = {isa = PBXBuildFile; fileRef = 4CCA2DDF28892E1E00D70878 /* RemoteConfigDefaults.plist */; };
		4CD74F652889207B0086204B /* AppDelegate.swift in Sources */ = {isa = PBXBuildFile; fileRef = 4CD74F642889207B0086204B /* AppDelegate.swift */; };
		4CD74F672889207B0086204B /* SceneDelegate.swift in Sources */ = {isa = PBXBuildFile; fileRef = 4CD74F662889207B0086204B /* SceneDelegate.swift */; };
		4CD74F692889207B0086204B /* ViewController.swift in Sources */ = {isa = PBXBuildFile; fileRef = 4CD74F682889207B0086204B /* ViewController.swift */; };
		4CD74F6C2889207B0086204B /* Main.storyboard in Resources */ = {isa = PBXBuildFile; fileRef = 4CD74F6A2889207B0086204B /* Main.storyboard */; };
		4CD74F6E2889207B0086204B /* Assets.xcassets in Resources */ = {isa = PBXBuildFile; fileRef = 4CD74F6D2889207B0086204B /* Assets.xcassets */; };
		4CD74F712889207B0086204B /* LaunchScreen.storyboard in Resources */ = {isa = PBXBuildFile; fileRef = 4CD74F6F2889207B0086204B /* LaunchScreen.storyboard */; };
		4CD74F7A288920AD0086204B /* NoticeViewController.swift in Sources */ = {isa = PBXBuildFile; fileRef = 4CD74F78288920AD0086204B /* NoticeViewController.swift */; };
		4CD74F7B288920AD0086204B /* NoticeViewController.xib in Resources */ = {isa = PBXBuildFile; fileRef = 4CD74F79288920AD0086204B /* NoticeViewController.xib */; };
		4CD74F7D28892CC20086204B /* GoogleService-Info.plist in Resources */ = {isa = PBXBuildFile; fileRef = 4CD74F7C28892CC20086204B /* GoogleService-Info.plist */; };
		633707B9DCC7DB96FB841144 /* Pods_NoticeFirebase.framework in Frameworks */ = {isa = PBXBuildFile; fileRef = 598F003CB4FB0FDD693D4A89 /* Pods_NoticeFirebase.framework */; };
/* End PBXBuildFile section */

/* Begin PBXFileReference section */
		4CCA2DDF28892E1E00D70878 /* RemoteConfigDefaults.plist */ = {isa = PBXFileReference; lastKnownFileType = text.plist.xml; path = RemoteConfigDefaults.plist; sourceTree = "<group>"; };
		4CD74F612889207B0086204B /* NoticeFirebase.app */ = {isa = PBXFileReference; explicitFileType = wrapper.application; includeInIndex = 0; path = NoticeFirebase.app; sourceTree = BUILT_PRODUCTS_DIR; };
		4CD74F642889207B0086204B /* AppDelegate.swift */ = {isa = PBXFileReference; lastKnownFileType = sourcecode.swift; path = AppDelegate.swift; sourceTree = "<group>"; };
		4CD74F662889207B0086204B /* SceneDelegate.swift */ = {isa = PBXFileReference; lastKnownFileType = sourcecode.swift; path = SceneDelegate.swift; sourceTree = "<group>"; };
		4CD74F682889207B0086204B /* ViewController.swift */ = {isa = PBXFileReference; lastKnownFileType = sourcecode.swift; path = ViewController.swift; sourceTree = "<group>"; };
		4CD74F6B2889207B0086204B /* Base */ = {isa = PBXFileReference; lastKnownFileType = file.storyboard; name = Base; path = Base.lproj/Main.storyboard; sourceTree = "<group>"; };
		4CD74F6D2889207B0086204B /* Assets.xcassets */ = {isa = PBXFileReference; lastKnownFileType = folder.assetcatalog; path = Assets.xcassets; sourceTree = "<group>"; };
		4CD74F702889207B0086204B /* Base */ = {isa = PBXFileReference; lastKnownFileType = file.storyboard; name = Base; path = Base.lproj/LaunchScreen.storyboard; sourceTree = "<group>"; };
		4CD74F722889207B0086204B /* Info.plist */ = {isa = PBXFileReference; lastKnownFileType = text.plist.xml; path = Info.plist; sourceTree = "<group>"; };
		4CD74F78288920AD0086204B /* NoticeViewController.swift */ = {isa = PBXFileReference; lastKnownFileType = sourcecode.swift; path = NoticeViewController.swift; sourceTree = "<group>"; };
		4CD74F79288920AD0086204B /* NoticeViewController.xib */ = {isa = PBXFileReference; lastKnownFileType = file.xib; path = NoticeViewController.xib; sourceTree = "<group>"; };
		4CD74F7C28892CC20086204B /* GoogleService-Info.plist */ = {isa = PBXFileReference; fileEncoding = 4; lastKnownFileType = text.plist.xml; path = "GoogleService-Info.plist"; sourceTree = "<group>"; };
		5383858CA8EBA71EB56C87B1 /* Pods-NoticeFirebase.release.xcconfig */ = {isa = PBXFileReference; includeInIndex = 1; lastKnownFileType = text.xcconfig; name = "Pods-NoticeFirebase.release.xcconfig"; path = "Target Support Files/Pods-NoticeFirebase/Pods-NoticeFirebase.release.xcconfig"; sourceTree = "<group>"; };
		598F003CB4FB0FDD693D4A89 /* Pods_NoticeFirebase.framework */ = {isa = PBXFileReference; explicitFileType = wrapper.framework; includeInIndex = 0; path = Pods_NoticeFirebase.framework; sourceTree = BUILT_PRODUCTS_DIR; };
		F71F2B22BC68EDA397A71F70 /* Pods-NoticeFirebase.debug.xcconfig */ = {isa = PBXFileReference; includeInIndex = 1; lastKnownFileType = text.xcconfig; name = "Pods-NoticeFirebase.debug.xcconfig"; path = "Target Support Files/Pods-NoticeFirebase/Pods-NoticeFirebase.debug.xcconfig"; sourceTree = "<group>"; };
/* End PBXFileReference section */

/* Begin PBXFrameworksBuildPhase section */
		4CD74F5E2889207A0086204B /* Frameworks */ = {
			isa = PBXFrameworksBuildPhase;
			buildActionMask = 2147483647;
			files = (
				633707B9DCC7DB96FB841144 /* Pods_NoticeFirebase.framework in Frameworks */,
			);
			runOnlyForDeploymentPostprocessing = 0;
		};
/* End PBXFrameworksBuildPhase section */

/* Begin PBXGroup section */
		10265A848ED17124F8BD5ADB /* Pods */ = {
			isa = PBXGroup;
			children = (
				F71F2B22BC68EDA397A71F70 /* Pods-NoticeFirebase.debug.xcconfig */,
				5383858CA8EBA71EB56C87B1 /* Pods-NoticeFirebase.release.xcconfig */,
			);
			path = Pods;
			sourceTree = "<group>";
		};
		4CD74F582889207A0086204B = {
			isa = PBXGroup;
			children = (
				4CD74F632889207B0086204B /* NoticeFirebase */,
				4CD74F622889207B0086204B /* Products */,
				10265A848ED17124F8BD5ADB /* Pods */,
				556A66E43890128B84772AF0 /* Frameworks */,
			);
			sourceTree = "<group>";
		};
		4CD74F622889207B0086204B /* Products */ = {
			isa = PBXGroup;
			children = (
				4CD74F612889207B0086204B /* NoticeFirebase.app */,
			);
			name = Products;
			sourceTree = "<group>";
		};
		4CD74F632889207B0086204B /* NoticeFirebase */ = {
			isa = PBXGroup;
			children = (
				4CD74F642889207B0086204B /* AppDelegate.swift */,
				4CD74F662889207B0086204B /* SceneDelegate.swift */,
				4CD74F682889207B0086204B /* ViewController.swift */,
				4CD74F6A2889207B0086204B /* Main.storyboard */,
				4CD74F6D2889207B0086204B /* Assets.xcassets */,
				4CD74F6F2889207B0086204B /* LaunchScreen.storyboard */,
				4CD74F722889207B0086204B /* Info.plist */,
				4CD74F78288920AD0086204B /* NoticeViewController.swift */,
				4CD74F79288920AD0086204B /* NoticeViewController.xib */,
				4CD74F7C28892CC20086204B /* GoogleService-Info.plist */,
				4CCA2DDF28892E1E00D70878 /* RemoteConfigDefaults.plist */,
			);
			path = NoticeFirebase;
			sourceTree = "<group>";
		};
		556A66E43890128B84772AF0 /* Frameworks */ = {
			isa = PBXGroup;
			children = (
				598F003CB4FB0FDD693D4A89 /* Pods_NoticeFirebase.framework */,
			);
			name = Frameworks;
			sourceTree = "<group>";
		};
/* End PBXGroup section */

/* Begin PBXNativeTarget section */
		4CD74F602889207A0086204B /* NoticeFirebase */ = {
			isa = PBXNativeTarget;
			buildConfigurationList = 4CD74F752889207B0086204B /* Build configuration list for PBXNativeTarget "NoticeFirebase" */;
			buildPhases = (
				BED8B17DE48A2EFE35C757F0 /* [CP] Check Pods Manifest.lock */,
				4CD74F5D2889207A0086204B /* Sources */,
				4CD74F5E2889207A0086204B /* Frameworks */,
				4CD74F5F2889207A0086204B /* Resources */,
				FC8AEDED8232CD2E90714DD8 /* [CP] Embed Pods Frameworks */,
			);
			buildRules = (
			);
			dependencies = (
			);
			name = NoticeFirebase;
			productName = NoticeFirebase;
			productReference = 4CD74F612889207B0086204B /* NoticeFirebase.app */;
			productType = "com.apple.product-type.application";
		};
/* End PBXNativeTarget section */

/* Begin PBXProject section */
		4CD74F592889207A0086204B /* Project object */ = {
			isa = PBXProject;
			attributes = {
				BuildIndependentTargetsInParallel = 1;
				LastSwiftUpdateCheck = 1340;
				LastUpgradeCheck = 1340;
				TargetAttributes = {
					4CD74F602889207A0086204B = {
						CreatedOnToolsVersion = 13.4.1;
					};
				};
			};
			buildConfigurationList = 4CD74F5C2889207A0086204B /* Build configuration list for PBXProject "NoticeFirebase" */;
			compatibilityVersion = "Xcode 13.0";
			developmentRegion = en;
			hasScannedForEncodings = 0;
			knownRegions = (
				en,
				Base,
			);
			mainGroup = 4CD74F582889207A0086204B;
			productRefGroup = 4CD74F622889207B0086204B /* Products */;
			projectDirPath = "";
			projectRoot = "";
			targets = (
				4CD74F602889207A0086204B /* NoticeFirebase */,
			);
		};
/* End PBXProject section */

/* Begin PBXResourcesBuildPhase section */
		4CD74F5F2889207A0086204B /* Resources */ = {
			isa = PBXResourcesBuildPhase;
			buildActionMask = 2147483647;
			files = (
				4CCA2DE028892E1E00D70878 /* RemoteConfigDefaults.plist in Resources */,
				4CD74F712889207B0086204B /* LaunchScreen.storyboard in Resources */,
				4CD74F6E2889207B0086204B /* Assets.xcassets in Resources */,
				4CD74F7D28892CC20086204B /* GoogleService-Info.plist in Resources */,
				4CD74F7B288920AD0086204B /* NoticeViewController.xib in Resources */,
				4CD74F6C2889207B0086204B /* Main.storyboard in Resources */,
			);
			runOnlyForDeploymentPostprocessing = 0;
		};
/* End PBXResourcesBuildPhase section */

/* Begin PBXShellScriptBuildPhase section */
		BED8B17DE48A2EFE35C757F0 /* [CP] Check Pods Manifest.lock */ = {
			isa = PBXShellScriptBuildPhase;
			buildActionMask = 2147483647;
			files = (
			);
			inputFileListPaths = (
			);
			inputPaths = (
				"${PODS_PODFILE_DIR_PATH}/Podfile.lock",
				"${PODS_ROOT}/Manifest.lock",
			);
			name = "[CP] Check Pods Manifest.lock";
			outputFileListPaths = (
			);
			outputPaths = (
				"$(DERIVED_FILE_DIR)/Pods-NoticeFirebase-checkManifestLockResult.txt",
			);
			runOnlyForDeploymentPostprocessing = 0;
			shellPath = /bin/sh;
			shellScript = "diff \"${PODS_PODFILE_DIR_PATH}/Podfile.lock\" \"${PODS_ROOT}/Manifest.lock\" > /dev/null\nif [ $? != 0 ] ; then\n    # print error to STDERR\n    echo \"error: The sandbox is not in sync with the Podfile.lock. Run 'pod install' or update your CocoaPods installation.\" >&2\n    exit 1\nfi\n# This output is used by Xcode 'outputs' to avoid re-running this script phase.\necho \"SUCCESS\" > \"${SCRIPT_OUTPUT_FILE_0}\"\n";
			showEnvVarsInLog = 0;
		};
		FC8AEDED8232CD2E90714DD8 /* [CP] Embed Pods Frameworks */ = {
			isa = PBXShellScriptBuildPhase;
			buildActionMask = 2147483647;
			files = (
			);
			inputFileListPaths = (
				"${PODS_ROOT}/Target Support Files/Pods-NoticeFirebase/Pods-NoticeFirebase-frameworks-${CONFIGURATION}-input-files.xcfilelist",
			);
			name = "[CP] Embed Pods Frameworks";
			outputFileListPaths = (
				"${PODS_ROOT}/Target Support Files/Pods-NoticeFirebase/Pods-NoticeFirebase-frameworks-${CONFIGURATION}-output-files.xcfilelist",
			);
			runOnlyForDeploymentPostprocessing = 0;
			shellPath = /bin/sh;
			shellScript = "\"${PODS_ROOT}/Target Support Files/Pods-NoticeFirebase/Pods-NoticeFirebase-frameworks.sh\"\n";
			showEnvVarsInLog = 0;
		};
/* End PBXShellScriptBuildPhase section */

/* Begin PBXSourcesBuildPhase section */
		4CD74F5D2889207A0086204B /* Sources */ = {
			isa = PBXSourcesBuildPhase;
			buildActionMask = 2147483647;
			files = (
				4CD74F692889207B0086204B /* ViewController.swift in Sources */,
				4CD74F652889207B0086204B /* AppDelegate.swift in Sources */,
				4CD74F7A288920AD0086204B /* NoticeViewController.swift in Sources */,
				4CD74F672889207B0086204B /* SceneDelegate.swift in Sources */,
			);
			runOnlyForDeploymentPostprocessing = 0;
		};
/* End PBXSourcesBuildPhase section */

/* Begin PBXVariantGroup section */
		4CD74F6A2889207B0086204B /* Main.storyboard */ = {
			isa = PBXVariantGroup;
			children = (
				4CD74F6B2889207B0086204B /* Base */,
			);
			name = Main.storyboard;
			sourceTree = "<group>";
		};
		4CD74F6F2889207B0086204B /* LaunchScreen.storyboard */ = {
			isa = PBXVariantGroup;
			children = (
				4CD74F702889207B0086204B /* Base */,
			);
			name = LaunchScreen.storyboard;
			sourceTree = "<group>";
		};
/* End PBXVariantGroup section */

/* Begin XCBuildConfiguration section */
		4CD74F732889207B0086204B /* Debug */ = {
			isa = XCBuildConfiguration;
			buildSettings = {
				ALWAYS_SEARCH_USER_PATHS = NO;
				CLANG_ANALYZER_NONNULL = YES;
				CLANG_ANALYZER_NUMBER_OBJECT_CONVERSION = YES_AGGRESSIVE;
				CLANG_CXX_LANGUAGE_STANDARD = "gnu++17";
				CLANG_ENABLE_MODULES = YES;
				CLANG_ENABLE_OBJC_ARC = YES;
				CLANG_ENABLE_OBJC_WEAK = YES;
				CLANG_WARN_BLOCK_CAPTURE_AUTORELEASING = YES;
				CLANG_WARN_BOOL_CONVERSION = YES;
				CLANG_WARN_COMMA = YES;
				CLANG_WARN_CONSTANT_CONVERSION = YES;
				CLANG_WARN_DEPRECATED_OBJC_IMPLEMENTATIONS = YES;
				CLANG_WARN_DIRECT_OBJC_ISA_USAGE = YES_ERROR;
				CLANG_WARN_DOCUMENTATION_COMMENTS = YES;
				CLANG_WARN_EMPTY_BODY = YES;
				CLANG_WARN_ENUM_CONVERSION = YES;
				CLANG_WARN_INFINITE_RECURSION = YES;
				CLANG_WARN_INT_CONVERSION = YES;
				CLANG_WARN_NON_LITERAL_NULL_CONVERSION = YES;
				CLANG_WARN_OBJC_IMPLICIT_RETAIN_SELF = YES;
				CLANG_WARN_OBJC_LITERAL_CONVERSION = YES;
				CLANG_WARN_OBJC_ROOT_CLASS = YES_ERROR;
				CLANG_WARN_QUOTED_INCLUDE_IN_FRAMEWORK_HEADER = YES;
				CLANG_WARN_RANGE_LOOP_ANALYSIS = YES;
				CLANG_WARN_STRICT_PROTOTYPES = YES;
				CLANG_WARN_SUSPICIOUS_MOVE = YES;
				CLANG_WARN_UNGUARDED_AVAILABILITY = YES_AGGRESSIVE;
				CLANG_WARN_UNREACHABLE_CODE = YES;
				CLANG_WARN__DUPLICATE_METHOD_MATCH = YES;
				COPY_PHASE_STRIP = NO;
				DEBUG_INFORMATION_FORMAT = dwarf;
				ENABLE_STRICT_OBJC_MSGSEND = YES;
				ENABLE_TESTABILITY = YES;
				GCC_C_LANGUAGE_STANDARD = gnu11;
				GCC_DYNAMIC_NO_PIC = NO;
				GCC_NO_COMMON_BLOCKS = YES;
				GCC_OPTIMIZATION_LEVEL = 0;
				GCC_PREPROCESSOR_DEFINITIONS = (
					"DEBUG=1",
					"$(inherited)",
				);
				GCC_WARN_64_TO_32_BIT_CONVERSION = YES;
				GCC_WARN_ABOUT_RETURN_TYPE = YES_ERROR;
				GCC_WARN_UNDECLARED_SELECTOR = YES;
				GCC_WARN_UNINITIALIZED_AUTOS = YES_AGGRESSIVE;
				GCC_WARN_UNUSED_FUNCTION = YES;
				GCC_WARN_UNUSED_VARIABLE = YES;
				IPHONEOS_DEPLOYMENT_TARGET = 15.5;
				MTL_ENABLE_DEBUG_INFO = INCLUDE_SOURCE;
				MTL_FAST_MATH = YES;
				ONLY_ACTIVE_ARCH = YES;
				SDKROOT = iphoneos;
				SWIFT_ACTIVE_COMPILATION_CONDITIONS = DEBUG;
				SWIFT_OPTIMIZATION_LEVEL = "-Onone";
			};
			name = Debug;
		};
		4CD74F742889207B0086204B /* Release */ = {
			isa = XCBuildConfiguration;
			buildSettings = {
				ALWAYS_SEARCH_USER_PATHS = NO;
				CLANG_ANALYZER_NONNULL = YES;
				CLANG_ANALYZER_NUMBER_OBJECT_CONVERSION = YES_AGGRESSIVE;
				CLANG_CXX_LANGUAGE_STANDARD = "gnu++17";
				CLANG_ENABLE_MODULES = YES;
				CLANG_ENABLE_OBJC_ARC = YES;
				CLANG_ENABLE_OBJC_WEAK = YES;
				CLANG_WARN_BLOCK_CAPTURE_AUTORELEASING = YES;
				CLANG_WARN_BOOL_CONVERSION = YES;
				CLANG_WARN_COMMA = YES;
				CLANG_WARN_CONSTANT_CONVERSION = YES;
				CLANG_WARN_DEPRECATED_OBJC_IMPLEMENTATIONS = YES;
				CLANG_WARN_DIRECT_OBJC_ISA_USAGE = YES_ERROR;
				CLANG_WARN_DOCUMENTATION_COMMENTS = YES;
				CLANG_WARN_EMPTY_BODY = YES;
				CLANG_WARN_ENUM_CONVERSION = YES;
				CLANG_WARN_INFINITE_RECURSION = YES;
				CLANG_WARN_INT_CONVERSION = YES;
				CLANG_WARN_NON_LITERAL_NULL_CONVERSION = YES;
				CLANG_WARN_OBJC_IMPLICIT_RETAIN_SELF = YES;
				CLANG_WARN_OBJC_LITERAL_CONVERSION = YES;
				CLANG_WARN_OBJC_ROOT_CLASS = YES_ERROR;
				CLANG_WARN_QUOTED_INCLUDE_IN_FRAMEWORK_HEADER = YES;
				CLANG_WARN_RANGE_LOOP_ANALYSIS = YES;
				CLANG_WARN_STRICT_PROTOTYPES = YES;
				CLANG_WARN_SUSPICIOUS_MOVE = YES;
				CLANG_WARN_UNGUARDED_AVAILABILITY = YES_AGGRESSIVE;
				CLANG_WARN_UNREACHABLE_CODE = YES;
				CLANG_WARN__DUPLICATE_METHOD_MATCH = YES;
				COPY_PHASE_STRIP = NO;
				DEBUG_INFORMATION_FORMAT = "dwarf-with-dsym";
				ENABLE_NS_ASSERTIONS = NO;
				ENABLE_STRICT_OBJC_MSGSEND = YES;
				GCC_C_LANGUAGE_STANDARD = gnu11;
				GCC_NO_COMMON_BLOCKS = YES;
				GCC_WARN_64_TO_32_BIT_CONVERSION = YES;
				GCC_WARN_ABOUT_RETURN_TYPE = YES_ERROR;
				GCC_WARN_UNDECLARED_SELECTOR = YES;
				GCC_WARN_UNINITIALIZED_AUTOS = YES_AGGRESSIVE;
				GCC_WARN_UNUSED_FUNCTION = YES;
				GCC_WARN_UNUSED_VARIABLE = YES;
				IPHONEOS_DEPLOYMENT_TARGET = 15.5;
				MTL_ENABLE_DEBUG_INFO = NO;
				MTL_FAST_MATH = YES;
				SDKROOT = iphoneos;
				SWIFT_COMPILATION_MODE = wholemodule;
				SWIFT_OPTIMIZATION_LEVEL = "-O";
				VALIDATE_PRODUCT = YES;
			};
			name = Release;
		};
		4CD74F762889207B0086204B /* Debug */ = {
			isa = XCBuildConfiguration;
			baseConfigurationReference = F71F2B22BC68EDA397A71F70 /* Pods-NoticeFirebase.debug.xcconfig */;
			buildSettings = {
				ASSETCATALOG_COMPILER_APPICON_NAME = AppIcon;
				ASSETCATALOG_COMPILER_GLOBAL_ACCENT_COLOR_NAME = AccentColor;
				CODE_SIGN_STYLE = Automatic;
				CURRENT_PROJECT_VERSION = 1;
				DEVELOPMENT_TEAM = 37GVH438CS;
				GENERATE_INFOPLIST_FILE = YES;
				INFOPLIST_FILE = NoticeFirebase/Info.plist;
				INFOPLIST_KEY_UIApplicationSupportsIndirectInputEvents = YES;
				INFOPLIST_KEY_UILaunchStoryboardName = LaunchScreen;
				INFOPLIST_KEY_UIMainStoryboardFile = Main;
				INFOPLIST_KEY_UISupportedInterfaceOrientations = UIInterfaceOrientationPortrait;
				INFOPLIST_KEY_UISupportedInterfaceOrientations_iPad = "UIInterfaceOrientationPortrait UIInterfaceOrientationPortraitUpsideDown UIInterfaceOrientationLandscapeLeft UIInterfaceOrientationLandscapeRight";
				INFOPLIST_KEY_UISupportedInterfaceOrientations_iPhone = "UIInterfaceOrientationPortrait UIInterfaceOrientationLandscapeLeft UIInterfaceOrientationLandscapeRight";
				LD_RUNPATH_SEARCH_PATHS = (
					"$(inherited)",
					"@executable_path/Frameworks",
				);
				MARKETING_VERSION = 1.0;
				PRODUCT_BUNDLE_IDENTIFIER = kr.co.eslerkang.NoticeFirebase;
				PRODUCT_NAME = "$(TARGET_NAME)";
				SWIFT_EMIT_LOC_STRINGS = YES;
				SWIFT_VERSION = 5.0;
				TARGETED_DEVICE_FAMILY = 1;
			};
			name = Debug;
		};
		4CD74F772889207B0086204B /* Release */ = {
			isa = XCBuildConfiguration;
			baseConfigurationReference = 5383858CA8EBA71EB56C87B1 /* Pods-NoticeFirebase.release.xcconfig */;
			buildSettings = {
				ASSETCATALOG_COMPILER_APPICON_NAME = AppIcon;
				ASSETCATALOG_COMPILER_GLOBAL_ACCENT_COLOR_NAME = AccentColor;
				CODE_SIGN_STYLE = Automatic;
				CURRENT_PROJECT_VERSION = 1;
				DEVELOPMENT_TEAM = 37GVH438CS;
				GENERATE_INFOPLIST_FILE = YES;
				INFOPLIST_FILE = NoticeFirebase/Info.plist;
				INFOPLIST_KEY_UIApplicationSupportsIndirectInputEvents = YES;
				INFOPLIST_KEY_UILaunchStoryboardName = LaunchScreen;
				INFOPLIST_KEY_UIMainStoryboardFile = Main;
				INFOPLIST_KEY_UISupportedInterfaceOrientations = UIInterfaceOrientationPortrait;
				INFOPLIST_KEY_UISupportedInterfaceOrientations_iPad = "UIInterfaceOrientationPortrait UIInterfaceOrientationPortraitUpsideDown UIInterfaceOrientationLandscapeLeft UIInterfaceOrientationLandscapeRight";
				INFOPLIST_KEY_UISupportedInterfaceOrientations_iPhone = "UIInterfaceOrientationPortrait UIInterfaceOrientationLandscapeLeft UIInterfaceOrientationLandscapeRight";
				LD_RUNPATH_SEARCH_PATHS = (
					"$(inherited)",
					"@executable_path/Frameworks",
				);
				MARKETING_VERSION = 1.0;
				PRODUCT_BUNDLE_IDENTIFIER = kr.co.eslerkang.NoticeFirebase;
				PRODUCT_NAME = "$(TARGET_NAME)";
				SWIFT_EMIT_LOC_STRINGS = YES;
				SWIFT_VERSION = 5.0;
				TARGETED_DEVICE_FAMILY = 1;
			};
			name = Release;
		};
/* End XCBuildConfiguration section */

/* Begin XCConfigurationList section */
		4CD74F5C2889207A0086204B /* Build configuration list for PBXProject "NoticeFirebase" */ = {
			isa = XCConfigurationList;
			buildConfigurations = (
				4CD74F732889207B0086204B /* Debug */,
				4CD74F742889207B0086204B /* Release */,
			);
			defaultConfigurationIsVisible = 0;
			defaultConfigurationName = Release;
		};
		4CD74F752889207B0086204B /* Build configuration list for PBXNativeTarget "NoticeFirebase" */ = {
			isa = XCConfigurationList;
			buildConfigurations = (
				4CD74F762889207B0086204B /* Debug */,
				4CD74F772889207B0086204B /* Release */,
			);
			defaultConfigurationIsVisible = 0;
			defaultConfigurationName = Release;
		};
/* End XCConfigurationList section */
	};
	rootObject = 4CD74F592889207A0086204B /* Project object */;
}
