// !$*UTF8*$!
{
	archiveVersion = 1;
	classes = {
	};
	objectVersion = 55;
	objects = {

/* Begin PBXBuildFile section */
		4CF5A5FA28911F69001B5199 /* AppDelegate.swift in Sources */ = {isa = PBXBuildFile; fileRef = 4CF5A5F928911F69001B5199 /* AppDelegate.swift */; };
		4CF5A5FC28911F69001B5199 /* SceneDelegate.swift in Sources */ = {isa = PBXBuildFile; fileRef = 4CF5A5FB28911F69001B5199 /* SceneDelegate.swift */; };
		4CF5A5FE28911F69001B5199 /* ViewController.swift in Sources */ = {isa = PBXBuildFile; fileRef = 4CF5A5FD28911F69001B5199 /* ViewController.swift */; };
		4CF5A60128911F69001B5199 /* Main.storyboard in Resources */ = {isa = PBXBuildFile; fileRef = 4CF5A5FF28911F69001B5199 /* Main.storyboard */; };
		4CF5A60328911F6C001B5199 /* Assets.xcassets in Resources */ = {isa = PBXBuildFile; fileRef = 4CF5A60228911F6C001B5199 /* Assets.xcassets */; };
		4CF5A60628911F6C001B5199 /* LaunchScreen.storyboard in Resources */ = {isa = PBXBuildFile; fileRef = 4CF5A60428911F6C001B5199 /* LaunchScreen.storyboard */; };
		4CF5A60E28911FDD001B5199 /* GoogleService-Info.plist in Resources */ = {isa = PBXBuildFile; fileRef = 4CF5A60D28911FDD001B5199 /* GoogleService-Info.plist */; };
		C428B5FBF66A12B08614002F /* Pods_WarningNotification.framework in Frameworks */ = {isa = PBXBuildFile; fileRef = D019E690B2A64E6A06F4AD65 /* Pods_WarningNotification.framework */; };
/* End PBXBuildFile section */

/* Begin PBXFileReference section */
		326F9453B42AD8E08973D206 /* Pods-WarningNotification.debug.xcconfig */ = {isa = PBXFileReference; includeInIndex = 1; lastKnownFileType = text.xcconfig; name = "Pods-WarningNotification.debug.xcconfig"; path = "Target Support Files/Pods-WarningNotification/Pods-WarningNotification.debug.xcconfig"; sourceTree = "<group>"; };
		4CB7152B2891209900DAA7D1 /* WarningNotification.entitlements */ = {isa = PBXFileReference; lastKnownFileType = text.plist.entitlements; path = WarningNotification.entitlements; sourceTree = "<group>"; };
		4CF5A5F628911F69001B5199 /* WarningNotification.app */ = {isa = PBXFileReference; explicitFileType = wrapper.application; includeInIndex = 0; path = WarningNotification.app; sourceTree = BUILT_PRODUCTS_DIR; };
		4CF5A5F928911F69001B5199 /* AppDelegate.swift */ = {isa = PBXFileReference; lastKnownFileType = sourcecode.swift; path = AppDelegate.swift; sourceTree = "<group>"; };
		4CF5A5FB28911F69001B5199 /* SceneDelegate.swift */ = {isa = PBXFileReference; lastKnownFileType = sourcecode.swift; path = SceneDelegate.swift; sourceTree = "<group>"; };
		4CF5A5FD28911F69001B5199 /* ViewController.swift */ = {isa = PBXFileReference; lastKnownFileType = sourcecode.swift; path = ViewController.swift; sourceTree = "<group>"; };
		4CF5A60028911F69001B5199 /* Base */ = {isa = PBXFileReference; lastKnownFileType = file.storyboard; name = Base; path = Base.lproj/Main.storyboard; sourceTree = "<group>"; };
		4CF5A60228911F6C001B5199 /* Assets.xcassets */ = {isa = PBXFileReference; lastKnownFileType = folder.assetcatalog; path = Assets.xcassets; sourceTree = "<group>"; };
		4CF5A60528911F6C001B5199 /* Base */ = {isa = PBXFileReference; lastKnownFileType = file.storyboard; name = Base; path = Base.lproj/LaunchScreen.storyboard; sourceTree = "<group>"; };
		4CF5A60728911F6C001B5199 /* Info.plist */ = {isa = PBXFileReference; lastKnownFileType = text.plist.xml; path = Info.plist; sourceTree = "<group>"; };
		4CF5A60D28911FDD001B5199 /* GoogleService-Info.plist */ = {isa = PBXFileReference; fileEncoding = 4; lastKnownFileType = text.plist.xml; path = "GoogleService-Info.plist"; sourceTree = "<group>"; };
		8CC7900E3F16D5FA1DA926A6 /* Pods-WarningNotification.release.xcconfig */ = {isa = PBXFileReference; includeInIndex = 1; lastKnownFileType = text.xcconfig; name = "Pods-WarningNotification.release.xcconfig"; path = "Target Support Files/Pods-WarningNotification/Pods-WarningNotification.release.xcconfig"; sourceTree = "<group>"; };
		D019E690B2A64E6A06F4AD65 /* Pods_WarningNotification.framework */ = {isa = PBXFileReference; explicitFileType = wrapper.framework; includeInIndex = 0; path = Pods_WarningNotification.framework; sourceTree = BUILT_PRODUCTS_DIR; };
/* End PBXFileReference section */

/* Begin PBXFrameworksBuildPhase section */
		4CF5A5F328911F69001B5199 /* Frameworks */ = {
			isa = PBXFrameworksBuildPhase;
			buildActionMask = 2147483647;
			files = (
				C428B5FBF66A12B08614002F /* Pods_WarningNotification.framework in Frameworks */,
			);
			runOnlyForDeploymentPostprocessing = 0;
		};
/* End PBXFrameworksBuildPhase section */

/* Begin PBXGroup section */
		39491327372814A37CF61D83 /* Frameworks */ = {
			isa = PBXGroup;
			children = (
				D019E690B2A64E6A06F4AD65 /* Pods_WarningNotification.framework */,
			);
			name = Frameworks;
			sourceTree = "<group>";
		};
		4CF5A5ED28911F69001B5199 = {
			isa = PBXGroup;
			children = (
				4CF5A5F828911F69001B5199 /* WarningNotification */,
				4CF5A5F728911F69001B5199 /* Products */,
				C9A2D359681A99CE883A4985 /* Pods */,
				39491327372814A37CF61D83 /* Frameworks */,
			);
			sourceTree = "<group>";
		};
		4CF5A5F728911F69001B5199 /* Products */ = {
			isa = PBXGroup;
			children = (
				4CF5A5F628911F69001B5199 /* WarningNotification.app */,
			);
			name = Products;
			sourceTree = "<group>";
		};
		4CF5A5F828911F69001B5199 /* WarningNotification */ = {
			isa = PBXGroup;
			children = (
				4CB7152B2891209900DAA7D1 /* WarningNotification.entitlements */,
				4CF5A5F928911F69001B5199 /* AppDelegate.swift */,
				4CF5A5FB28911F69001B5199 /* SceneDelegate.swift */,
				4CF5A5FD28911F69001B5199 /* ViewController.swift */,
				4CF5A5FF28911F69001B5199 /* Main.storyboard */,
				4CF5A60228911F6C001B5199 /* Assets.xcassets */,
				4CF5A60428911F6C001B5199 /* LaunchScreen.storyboard */,
				4CF5A60728911F6C001B5199 /* Info.plist */,
				4CF5A60D28911FDD001B5199 /* GoogleService-Info.plist */,
			);
			path = WarningNotification;
			sourceTree = "<group>";
		};
		C9A2D359681A99CE883A4985 /* Pods */ = {
			isa = PBXGroup;
			children = (
				326F9453B42AD8E08973D206 /* Pods-WarningNotification.debug.xcconfig */,
				8CC7900E3F16D5FA1DA926A6 /* Pods-WarningNotification.release.xcconfig */,
			);
			path = Pods;
			sourceTree = "<group>";
		};
/* End PBXGroup section */

/* Begin PBXNativeTarget section */
		4CF5A5F528911F69001B5199 /* WarningNotification */ = {
			isa = PBXNativeTarget;
			buildConfigurationList = 4CF5A60A28911F6C001B5199 /* Build configuration list for PBXNativeTarget "WarningNotification" */;
			buildPhases = (
				4744636DAB8D57768DB0953C /* [CP] Check Pods Manifest.lock */,
				4CF5A5F228911F69001B5199 /* Sources */,
				4CF5A5F328911F69001B5199 /* Frameworks */,
				4CF5A5F428911F69001B5199 /* Resources */,
				0955FCF29FA0DC938A3C3CE0 /* [CP] Embed Pods Frameworks */,
			);
			buildRules = (
			);
			dependencies = (
			);
			name = WarningNotification;
			productName = WarningNotification;
			productReference = 4CF5A5F628911F69001B5199 /* WarningNotification.app */;
			productType = "com.apple.product-type.application";
		};
/* End PBXNativeTarget section */

/* Begin PBXProject section */
		4CF5A5EE28911F69001B5199 /* Project object */ = {
			isa = PBXProject;
			attributes = {
				BuildIndependentTargetsInParallel = 1;
				LastSwiftUpdateCheck = 1340;
				LastUpgradeCheck = 1340;
				TargetAttributes = {
					4CF5A5F528911F69001B5199 = {
						CreatedOnToolsVersion = 13.4.1;
					};
				};
			};
			buildConfigurationList = 4CF5A5F128911F69001B5199 /* Build configuration list for PBXProject "WarningNotification" */;
			compatibilityVersion = "Xcode 13.0";
			developmentRegion = en;
			hasScannedForEncodings = 0;
			knownRegions = (
				en,
				Base,
			);
			mainGroup = 4CF5A5ED28911F69001B5199;
			productRefGroup = 4CF5A5F728911F69001B5199 /* Products */;
			projectDirPath = "";
			projectRoot = "";
			targets = (
				4CF5A5F528911F69001B5199 /* WarningNotification */,
			);
		};
/* End PBXProject section */

/* Begin PBXResourcesBuildPhase section */
		4CF5A5F428911F69001B5199 /* Resources */ = {
			isa = PBXResourcesBuildPhase;
			buildActionMask = 2147483647;
			files = (
				4CF5A60628911F6C001B5199 /* LaunchScreen.storyboard in Resources */,
				4CF5A60E28911FDD001B5199 /* GoogleService-Info.plist in Resources */,
				4CF5A60328911F6C001B5199 /* Assets.xcassets in Resources */,
				4CF5A60128911F69001B5199 /* Main.storyboard in Resources */,
			);
			runOnlyForDeploymentPostprocessing = 0;
		};
/* End PBXResourcesBuildPhase section */

/* Begin PBXShellScriptBuildPhase section */
		0955FCF29FA0DC938A3C3CE0 /* [CP] Embed Pods Frameworks */ = {
			isa = PBXShellScriptBuildPhase;
			buildActionMask = 2147483647;
			files = (
			);
			inputFileListPaths = (
				"${PODS_ROOT}/Target Support Files/Pods-WarningNotification/Pods-WarningNotification-frameworks-${CONFIGURATION}-input-files.xcfilelist",
			);
			name = "[CP] Embed Pods Frameworks";
			outputFileListPaths = (
				"${PODS_ROOT}/Target Support Files/Pods-WarningNotification/Pods-WarningNotification-frameworks-${CONFIGURATION}-output-files.xcfilelist",
			);
			runOnlyForDeploymentPostprocessing = 0;
			shellPath = /bin/sh;
			shellScript = "\"${PODS_ROOT}/Target Support Files/Pods-WarningNotification/Pods-WarningNotification-frameworks.sh\"\n";
			showEnvVarsInLog = 0;
		};
		4744636DAB8D57768DB0953C /* [CP] Check Pods Manifest.lock */ = {
			isa = PBXShellScriptBuildPhase;
			buildActionMask = 2147483647;
			files = (
			);
			inputFileListPaths = (
			);
			inputPaths = (
				"${PODS_PODFILE_DIR_PATH}/Podfile.lock",
				"${PODS_ROOT}/Manifest.lock",
			);
			name = "[CP] Check Pods Manifest.lock";
			outputFileListPaths = (
			);
			outputPaths = (
				"$(DERIVED_FILE_DIR)/Pods-WarningNotification-checkManifestLockResult.txt",
			);
			runOnlyForDeploymentPostprocessing = 0;
			shellPath = /bin/sh;
			shellScript = "diff \"${PODS_PODFILE_DIR_PATH}/Podfile.lock\" \"${PODS_ROOT}/Manifest.lock\" > /dev/null\nif [ $? != 0 ] ; then\n    # print error to STDERR\n    echo \"error: The sandbox is not in sync with the Podfile.lock. Run 'pod install' or update your CocoaPods installation.\" >&2\n    exit 1\nfi\n# This output is used by Xcode 'outputs' to avoid re-running this script phase.\necho \"SUCCESS\" > \"${SCRIPT_OUTPUT_FILE_0}\"\n";
			showEnvVarsInLog = 0;
		};
/* End PBXShellScriptBuildPhase section */

/* Begin PBXSourcesBuildPhase section */
		4CF5A5F228911F69001B5199 /* Sources */ = {
			isa = PBXSourcesBuildPhase;
			buildActionMask = 2147483647;
			files = (
				4CF5A5FE28911F69001B5199 /* ViewController.swift in Sources */,
				4CF5A5FA28911F69001B5199 /* AppDelegate.swift in Sources */,
				4CF5A5FC28911F69001B5199 /* SceneDelegate.swift in Sources */,
			);
			runOnlyForDeploymentPostprocessing = 0;
		};
/* End PBXSourcesBuildPhase section */

/* Begin PBXVariantGroup section */
		4CF5A5FF28911F69001B5199 /* Main.storyboard */ = {
			isa = PBXVariantGroup;
			children = (
				4CF5A60028911F69001B5199 /* Base */,
			);
			name = Main.storyboard;
			sourceTree = "<group>";
		};
		4CF5A60428911F6C001B5199 /* LaunchScreen.storyboard */ = {
			isa = PBXVariantGroup;
			children = (
				4CF5A60528911F6C001B5199 /* Base */,
			);
			name = LaunchScreen.storyboard;
			sourceTree = "<group>";
		};
/* End PBXVariantGroup section */

/* Begin XCBuildConfiguration section */
		4CF5A60828911F6C001B5199 /* Debug */ = {
			isa = XCBuildConfiguration;
			buildSettings = {
				ALWAYS_SEARCH_USER_PATHS = NO;
				CLANG_ANALYZER_NONNULL = YES;
				CLANG_ANALYZER_NUMBER_OBJECT_CONVERSION = YES_AGGRESSIVE;
				CLANG_CXX_LANGUAGE_STANDARD = "gnu++17";
				CLANG_ENABLE_MODULES = YES;
				CLANG_ENABLE_OBJC_ARC = YES;
				CLANG_ENABLE_OBJC_WEAK = YES;
				CLANG_WARN_BLOCK_CAPTURE_AUTORELEASING = YES;
				CLANG_WARN_BOOL_CONVERSION = YES;
				CLANG_WARN_COMMA = YES;
				CLANG_WARN_CONSTANT_CONVERSION = YES;
				CLANG_WARN_DEPRECATED_OBJC_IMPLEMENTATIONS = YES;
				CLANG_WARN_DIRECT_OBJC_ISA_USAGE = YES_ERROR;
				CLANG_WARN_DOCUMENTATION_COMMENTS = YES;
				CLANG_WARN_EMPTY_BODY = YES;
				CLANG_WARN_ENUM_CONVERSION = YES;
				CLANG_WARN_INFINITE_RECURSION = YES;
				CLANG_WARN_INT_CONVERSION = YES;
				CLANG_WARN_NON_LITERAL_NULL_CONVERSION = YES;
				CLANG_WARN_OBJC_IMPLICIT_RETAIN_SELF = YES;
				CLANG_WARN_OBJC_LITERAL_CONVERSION = YES;
				CLANG_WARN_OBJC_ROOT_CLASS = YES_ERROR;
				CLANG_WARN_QUOTED_INCLUDE_IN_FRAMEWORK_HEADER = YES;
				CLANG_WARN_RANGE_LOOP_ANALYSIS = YES;
				CLANG_WARN_STRICT_PROTOTYPES = YES;
				CLANG_WARN_SUSPICIOUS_MOVE = YES;
				CLANG_WARN_UNGUARDED_AVAILABILITY = YES_AGGRESSIVE;
				CLANG_WARN_UNREACHABLE_CODE = YES;
				CLANG_WARN__DUPLICATE_METHOD_MATCH = YES;
				COPY_PHASE_STRIP = NO;
				DEBUG_INFORMATION_FORMAT = dwarf;
				ENABLE_STRICT_OBJC_MSGSEND = YES;
				ENABLE_TESTABILITY = YES;
				GCC_C_LANGUAGE_STANDARD = gnu11;
				GCC_DYNAMIC_NO_PIC = NO;
				GCC_NO_COMMON_BLOCKS = YES;
				GCC_OPTIMIZATION_LEVEL = 0;
				GCC_PREPROCESSOR_DEFINITIONS = (
					"DEBUG=1",
					"$(inherited)",
				);
				GCC_WARN_64_TO_32_BIT_CONVERSION = YES;
				GCC_WARN_ABOUT_RETURN_TYPE = YES_ERROR;
				GCC_WARN_UNDECLARED_SELECTOR = YES;
				GCC_WARN_UNINITIALIZED_AUTOS = YES_AGGRESSIVE;
				GCC_WARN_UNUSED_FUNCTION = YES;
				GCC_WARN_UNUSED_VARIABLE = YES;
				IPHONEOS_DEPLOYMENT_TARGET = 15.5;
				MTL_ENABLE_DEBUG_INFO = INCLUDE_SOURCE;
				MTL_FAST_MATH = YES;
				ONLY_ACTIVE_ARCH = YES;
				SDKROOT = iphoneos;
				SWIFT_ACTIVE_COMPILATION_CONDITIONS = DEBUG;
				SWIFT_OPTIMIZATION_LEVEL = "-Onone";
			};
			name = Debug;
		};
		4CF5A60928911F6C001B5199 /* Release */ = {
			isa = XCBuildConfiguration;
			buildSettings = {
				ALWAYS_SEARCH_USER_PATHS = NO;
				CLANG_ANALYZER_NONNULL = YES;
				CLANG_ANALYZER_NUMBER_OBJECT_CONVERSION = YES_AGGRESSIVE;
				CLANG_CXX_LANGUAGE_STANDARD = "gnu++17";
				CLANG_ENABLE_MODULES = YES;
				CLANG_ENABLE_OBJC_ARC = YES;
				CLANG_ENABLE_OBJC_WEAK = YES;
				CLANG_WARN_BLOCK_CAPTURE_AUTORELEASING = YES;
				CLANG_WARN_BOOL_CONVERSION = YES;
				CLANG_WARN_COMMA = YES;
				CLANG_WARN_CONSTANT_CONVERSION = YES;
				CLANG_WARN_DEPRECATED_OBJC_IMPLEMENTATIONS = YES;
				CLANG_WARN_DIRECT_OBJC_ISA_USAGE = YES_ERROR;
				CLANG_WARN_DOCUMENTATION_COMMENTS = YES;
				CLANG_WARN_EMPTY_BODY = YES;
				CLANG_WARN_ENUM_CONVERSION = YES;
				CLANG_WARN_INFINITE_RECURSION = YES;
				CLANG_WARN_INT_CONVERSION = YES;
				CLANG_WARN_NON_LITERAL_NULL_CONVERSION = YES;
				CLANG_WARN_OBJC_IMPLICIT_RETAIN_SELF = YES;
				CLANG_WARN_OBJC_LITERAL_CONVERSION = YES;
				CLANG_WARN_OBJC_ROOT_CLASS = YES_ERROR;
				CLANG_WARN_QUOTED_INCLUDE_IN_FRAMEWORK_HEADER = YES;
				CLANG_WARN_RANGE_LOOP_ANALYSIS = YES;
				CLANG_WARN_STRICT_PROTOTYPES = YES;
				CLANG_WARN_SUSPICIOUS_MOVE = YES;
				CLANG_WARN_UNGUARDED_AVAILABILITY = YES_AGGRESSIVE;
				CLANG_WARN_UNREACHABLE_CODE = YES;
				CLANG_WARN__DUPLICATE_METHOD_MATCH = YES;
				COPY_PHASE_STRIP = NO;
				DEBUG_INFORMATION_FORMAT = "dwarf-with-dsym";
				ENABLE_NS_ASSERTIONS = NO;
				ENABLE_STRICT_OBJC_MSGSEND = YES;
				GCC_C_LANGUAGE_STANDARD = gnu11;
				GCC_NO_COMMON_BLOCKS = YES;
				GCC_WARN_64_TO_32_BIT_CONVERSION = YES;
				GCC_WARN_ABOUT_RETURN_TYPE = YES_ERROR;
				GCC_WARN_UNDECLARED_SELECTOR = YES;
				GCC_WARN_UNINITIALIZED_AUTOS = YES_AGGRESSIVE;
				GCC_WARN_UNUSED_FUNCTION = YES;
				GCC_WARN_UNUSED_VARIABLE = YES;
				IPHONEOS_DEPLOYMENT_TARGET = 15.5;
				MTL_ENABLE_DEBUG_INFO = NO;
				MTL_FAST_MATH = YES;
				SDKROOT = iphoneos;
				SWIFT_COMPILATION_MODE = wholemodule;
				SWIFT_OPTIMIZATION_LEVEL = "-O";
				VALIDATE_PRODUCT = YES;
			};
			name = Release;
		};
		4CF5A60B28911F6C001B5199 /* Debug */ = {
			isa = XCBuildConfiguration;
			baseConfigurationReference = 326F9453B42AD8E08973D206 /* Pods-WarningNotification.debug.xcconfig */;
			buildSettings = {
				ASSETCATALOG_COMPILER_APPICON_NAME = AppIcon;
				ASSETCATALOG_COMPILER_GLOBAL_ACCENT_COLOR_NAME = AccentColor;
				CODE_SIGN_ENTITLEMENTS = WarningNotification/WarningNotification.entitlements;
				CODE_SIGN_STYLE = Automatic;
				CURRENT_PROJECT_VERSION = 1;
				DEVELOPMENT_TEAM = 37GVH438CS;
				GENERATE_INFOPLIST_FILE = YES;
				INFOPLIST_FILE = WarningNotification/Info.plist;
				INFOPLIST_KEY_UIApplicationSupportsIndirectInputEvents = YES;
				INFOPLIST_KEY_UILaunchStoryboardName = LaunchScreen;
				INFOPLIST_KEY_UIMainStoryboardFile = Main;
				INFOPLIST_KEY_UISupportedInterfaceOrientations_iPad = "UIInterfaceOrientationPortrait UIInterfaceOrientationPortraitUpsideDown UIInterfaceOrientationLandscapeLeft UIInterfaceOrientationLandscapeRight";
				INFOPLIST_KEY_UISupportedInterfaceOrientations_iPhone = "UIInterfaceOrientationPortrait UIInterfaceOrientationLandscapeLeft UIInterfaceOrientationLandscapeRight";
				LD_RUNPATH_SEARCH_PATHS = (
					"$(inherited)",
					"@executable_path/Frameworks",
				);
				MARKETING_VERSION = 1.0;
				PRODUCT_BUNDLE_IDENTIFIER = kr.co.eslerkang.WarningNotification;
				PRODUCT_NAME = "$(TARGET_NAME)";
				SWIFT_EMIT_LOC_STRINGS = YES;
				SWIFT_VERSION = 5.0;
				TARGETED_DEVICE_FAMILY = "1,2";
			};
			name = Debug;
		};
		4CF5A60C28911F6C001B5199 /* Release */ = {
			isa = XCBuildConfiguration;
			baseConfigurationReference = 8CC7900E3F16D5FA1DA926A6 /* Pods-WarningNotification.release.xcconfig */;
			buildSettings = {
				ASSETCATALOG_COMPILER_APPICON_NAME = AppIcon;
				ASSETCATALOG_COMPILER_GLOBAL_ACCENT_COLOR_NAME = AccentColor;
				CODE_SIGN_ENTITLEMENTS = WarningNotification/WarningNotification.entitlements;
				CODE_SIGN_STYLE = Automatic;
				CURRENT_PROJECT_VERSION = 1;
				DEVELOPMENT_TEAM = 37GVH438CS;
				GENERATE_INFOPLIST_FILE = YES;
				INFOPLIST_FILE = WarningNotification/Info.plist;
				INFOPLIST_KEY_UIApplicationSupportsIndirectInputEvents = YES;
				INFOPLIST_KEY_UILaunchStoryboardName = LaunchScreen;
				INFOPLIST_KEY_UIMainStoryboardFile = Main;
				INFOPLIST_KEY_UISupportedInterfaceOrientations_iPad = "UIInterfaceOrientationPortrait UIInterfaceOrientationPortraitUpsideDown UIInterfaceOrientationLandscapeLeft UIInterfaceOrientationLandscapeRight";
				INFOPLIST_KEY_UISupportedInterfaceOrientations_iPhone = "UIInterfaceOrientationPortrait UIInterfaceOrientationLandscapeLeft UIInterfaceOrientationLandscapeRight";
				LD_RUNPATH_SEARCH_PATHS = (
					"$(inherited)",
					"@executable_path/Frameworks",
				);
				MARKETING_VERSION = 1.0;
				PRODUCT_BUNDLE_IDENTIFIER = kr.co.eslerkang.WarningNotification;
				PRODUCT_NAME = "$(TARGET_NAME)";
				SWIFT_EMIT_LOC_STRINGS = YES;
				SWIFT_VERSION = 5.0;
				TARGETED_DEVICE_FAMILY = "1,2";
			};
			name = Release;
		};
/* End XCBuildConfiguration section */

/* Begin XCConfigurationList section */
		4CF5A5F128911F69001B5199 /* Build configuration list for PBXProject "WarningNotification" */ = {
			isa = XCConfigurationList;
			buildConfigurations = (
				4CF5A60828911F6C001B5199 /* Debug */,
				4CF5A60928911F6C001B5199 /* Release */,
			);
			defaultConfigurationIsVisible = 0;
			defaultConfigurationName = Release;
		};
		4CF5A60A28911F6C001B5199 /* Build configuration list for PBXNativeTarget "WarningNotification" */ = {
			isa = XCConfigurationList;
			buildConfigurations = (
				4CF5A60B28911F6C001B5199 /* Debug */,
				4CF5A60C28911F6C001B5199 /* Release */,
			);
			defaultConfigurationIsVisible = 0;
			defaultConfigurationName = Release;
		};
/* End XCConfigurationList section */
	};
	rootObject = 4CF5A5EE28911F69001B5199 /* Project object */;
}
