// !$*UTF8*$!
{
	archiveVersion = 1;
	classes = {
	};
	objectVersion = 55;
	objects = {

/* Begin PBXBuildFile section */
		4C2C7D25288FD95500EC06AC /* UNNotificationCenter.swift in Sources */ = {isa = PBXBuildFile; fileRef = 4C2C7D24288FD95500EC06AC /* UNNotificationCenter.swift */; };
		4C3AAD33288FC0A600EDAAFF /* AppDelegate.swift in Sources */ = {isa = PBXBuildFile; fileRef = 4C3AAD32288FC0A600EDAAFF /* AppDelegate.swift */; };
		4C3AAD35288FC0A600EDAAFF /* SceneDelegate.swift in Sources */ = {isa = PBXBuildFile; fileRef = 4C3AAD34288FC0A600EDAAFF /* SceneDelegate.swift */; };
		4C3AAD3A288FC0A600EDAAFF /* Main.storyboard in Resources */ = {isa = PBXBuildFile; fileRef = 4C3AAD38288FC0A600EDAAFF /* Main.storyboard */; };
		4C3AAD3C288FC0A800EDAAFF /* Assets.xcassets in Resources */ = {isa = PBXBuildFile; fileRef = 4C3AAD3B288FC0A800EDAAFF /* Assets.xcassets */; };
		4C3AAD3F288FC0A800EDAAFF /* LaunchScreen.storyboard in Resources */ = {isa = PBXBuildFile; fileRef = 4C3AAD3D288FC0A800EDAAFF /* LaunchScreen.storyboard */; };
		4C3AAD47288FC0D700EDAAFF /* AlertListViewController.swift in Sources */ = {isa = PBXBuildFile; fileRef = 4C3AAD46288FC0D700EDAAFF /* AlertListViewController.swift */; };
		4CFDFE3B288FC27100E2E585 /* AlertListTableViewCell.swift in Sources */ = {isa = PBXBuildFile; fileRef = 4CFDFE39288FC27100E2E585 /* AlertListTableViewCell.swift */; };
		4CFDFE3C288FC27100E2E585 /* AlertListTableViewCell.xib in Resources */ = {isa = PBXBuildFile; fileRef = 4CFDFE3A288FC27100E2E585 /* AlertListTableViewCell.xib */; };
		4CFDFE3E288FC46400E2E585 /* Alert.swift in Sources */ = {isa = PBXBuildFile; fileRef = 4CFDFE3D288FC46400E2E585 /* Alert.swift */; };
		4CFDFE40288FC89400E2E585 /* AddAlertViewController.swift in Sources */ = {isa = PBXBuildFile; fileRef = 4CFDFE3F288FC89400E2E585 /* AddAlertViewController.swift */; };
/* End PBXBuildFile section */

/* Begin PBXFileReference section */
		4C2C7D24288FD95500EC06AC /* UNNotificationCenter.swift */ = {isa = PBXFileReference; lastKnownFileType = sourcecode.swift; path = UNNotificationCenter.swift; sourceTree = "<group>"; };
		4C3AAD2F288FC0A600EDAAFF /* Drink.app */ = {isa = PBXFileReference; explicitFileType = wrapper.application; includeInIndex = 0; path = Drink.app; sourceTree = BUILT_PRODUCTS_DIR; };
		4C3AAD32288FC0A600EDAAFF /* AppDelegate.swift */ = {isa = PBXFileReference; lastKnownFileType = sourcecode.swift; path = AppDelegate.swift; sourceTree = "<group>"; };
		4C3AAD34288FC0A600EDAAFF /* SceneDelegate.swift */ = {isa = PBXFileReference; lastKnownFileType = sourcecode.swift; path = SceneDelegate.swift; sourceTree = "<group>"; };
		4C3AAD39288FC0A600EDAAFF /* Base */ = {isa = PBXFileReference; lastKnownFileType = file.storyboard; name = Base; path = Base.lproj/Main.storyboard; sourceTree = "<group>"; };
		4C3AAD3B288FC0A800EDAAFF /* Assets.xcassets */ = {isa = PBXFileReference; lastKnownFileType = folder.assetcatalog; path = Assets.xcassets; sourceTree = "<group>"; };
		4C3AAD3E288FC0A800EDAAFF /* Base */ = {isa = PBXFileReference; lastKnownFileType = file.storyboard; name = Base; path = Base.lproj/LaunchScreen.storyboard; sourceTree = "<group>"; };
		4C3AAD40288FC0A800EDAAFF /* Info.plist */ = {isa = PBXFileReference; lastKnownFileType = text.plist.xml; path = Info.plist; sourceTree = "<group>"; };
		4C3AAD46288FC0D700EDAAFF /* AlertListViewController.swift */ = {isa = PBXFileReference; lastKnownFileType = sourcecode.swift; path = AlertListViewController.swift; sourceTree = "<group>"; };
		4CFDFE39288FC27100E2E585 /* AlertListTableViewCell.swift */ = {isa = PBXFileReference; lastKnownFileType = sourcecode.swift; path = AlertListTableViewCell.swift; sourceTree = "<group>"; };
		4CFDFE3A288FC27100E2E585 /* AlertListTableViewCell.xib */ = {isa = PBXFileReference; lastKnownFileType = file.xib; path = AlertListTableViewCell.xib; sourceTree = "<group>"; };
		4CFDFE3D288FC46400E2E585 /* Alert.swift */ = {isa = PBXFileReference; lastKnownFileType = sourcecode.swift; path = Alert.swift; sourceTree = "<group>"; };
		4CFDFE3F288FC89400E2E585 /* AddAlertViewController.swift */ = {isa = PBXFileReference; lastKnownFileType = sourcecode.swift; path = AddAlertViewController.swift; sourceTree = "<group>"; };
/* End PBXFileReference section */

/* Begin PBXFrameworksBuildPhase section */
		4C3AAD2C288FC0A600EDAAFF /* Frameworks */ = {
			isa = PBXFrameworksBuildPhase;
			buildActionMask = 2147483647;
			files = (
			);
			runOnlyForDeploymentPostprocessing = 0;
		};
/* End PBXFrameworksBuildPhase section */

/* Begin PBXGroup section */
		4C3AAD26288FC0A600EDAAFF = {
			isa = PBXGroup;
			children = (
				4C3AAD31288FC0A600EDAAFF /* Drink */,
				4C3AAD30288FC0A600EDAAFF /* Products */,
			);
			sourceTree = "<group>";
		};
		4C3AAD30288FC0A600EDAAFF /* Products */ = {
			isa = PBXGroup;
			children = (
				4C3AAD2F288FC0A600EDAAFF /* Drink.app */,
			);
			name = Products;
			sourceTree = "<group>";
		};
		4C3AAD31288FC0A600EDAAFF /* Drink */ = {
			isa = PBXGroup;
			children = (
				4C3AAD32288FC0A600EDAAFF /* AppDelegate.swift */,
				4C3AAD34288FC0A600EDAAFF /* SceneDelegate.swift */,
				4C3AAD38288FC0A600EDAAFF /* Main.storyboard */,
				4C3AAD3B288FC0A800EDAAFF /* Assets.xcassets */,
				4C3AAD3D288FC0A800EDAAFF /* LaunchScreen.storyboard */,
				4C3AAD40288FC0A800EDAAFF /* Info.plist */,
				4C3AAD46288FC0D700EDAAFF /* AlertListViewController.swift */,
				4CFDFE39288FC27100E2E585 /* AlertListTableViewCell.swift */,
				4CFDFE3A288FC27100E2E585 /* AlertListTableViewCell.xib */,
				4CFDFE3D288FC46400E2E585 /* Alert.swift */,
				4CFDFE3F288FC89400E2E585 /* AddAlertViewController.swift */,
				4C2C7D24288FD95500EC06AC /* UNNotificationCenter.swift */,
			);
			path = Drink;
			sourceTree = "<group>";
		};
/* End PBXGroup section */

/* Begin PBXNativeTarget section */
		4C3AAD2E288FC0A600EDAAFF /* Drink */ = {
			isa = PBXNativeTarget;
			buildConfigurationList = 4C3AAD43288FC0A800EDAAFF /* Build configuration list for PBXNativeTarget "Drink" */;
			buildPhases = (
				4C3AAD2B288FC0A600EDAAFF /* Sources */,
				4C3AAD2C288FC0A600EDAAFF /* Frameworks */,
				4C3AAD2D288FC0A600EDAAFF /* Resources */,
			);
			buildRules = (
			);
			dependencies = (
			);
			name = Drink;
			productName = Drink;
			productReference = 4C3AAD2F288FC0A600EDAAFF /* Drink.app */;
			productType = "com.apple.product-type.application";
		};
/* End PBXNativeTarget section */

/* Begin PBXProject section */
		4C3AAD27288FC0A600EDAAFF /* Project object */ = {
			isa = PBXProject;
			attributes = {
				BuildIndependentTargetsInParallel = 1;
				LastSwiftUpdateCheck = 1340;
				LastUpgradeCheck = 1340;
				TargetAttributes = {
					4C3AAD2E288FC0A600EDAAFF = {
						CreatedOnToolsVersion = 13.4.1;
					};
				};
			};
			buildConfigurationList = 4C3AAD2A288FC0A600EDAAFF /* Build configuration list for PBXProject "Drink" */;
			compatibilityVersion = "Xcode 13.0";
			developmentRegion = en;
			hasScannedForEncodings = 0;
			knownRegions = (
				en,
				Base,
			);
			mainGroup = 4C3AAD26288FC0A600EDAAFF;
			productRefGroup = 4C3AAD30288FC0A600EDAAFF /* Products */;
			projectDirPath = "";
			projectRoot = "";
			targets = (
				4C3AAD2E288FC0A600EDAAFF /* Drink */,
			);
		};
/* End PBXProject section */

/* Begin PBXResourcesBuildPhase section */
		4C3AAD2D288FC0A600EDAAFF /* Resources */ = {
			isa = PBXResourcesBuildPhase;
			buildActionMask = 2147483647;
			files = (
				4C3AAD3F288FC0A800EDAAFF /* LaunchScreen.storyboard in Resources */,
				4C3AAD3C288FC0A800EDAAFF /* Assets.xcassets in Resources */,
				4CFDFE3C288FC27100E2E585 /* AlertListTableViewCell.xib in Resources */,
				4C3AAD3A288FC0A600EDAAFF /* Main.storyboard in Resources */,
			);
			runOnlyForDeploymentPostprocessing = 0;
		};
/* End PBXResourcesBuildPhase section */

/* Begin PBXSourcesBuildPhase section */
		4C3AAD2B288FC0A600EDAAFF /* Sources */ = {
			isa = PBXSourcesBuildPhase;
			buildActionMask = 2147483647;
			files = (
				4C3AAD33288FC0A600EDAAFF /* AppDelegate.swift in Sources */,
				4C3AAD35288FC0A600EDAAFF /* SceneDelegate.swift in Sources */,
				4CFDFE3B288FC27100E2E585 /* AlertListTableViewCell.swift in Sources */,
				4CFDFE3E288FC46400E2E585 /* Alert.swift in Sources */,
				4C3AAD47288FC0D700EDAAFF /* AlertListViewController.swift in Sources */,
				4C2C7D25288FD95500EC06AC /* UNNotificationCenter.swift in Sources */,
				4CFDFE40288FC89400E2E585 /* AddAlertViewController.swift in Sources */,
			);
			runOnlyForDeploymentPostprocessing = 0;
		};
/* End PBXSourcesBuildPhase section */

/* Begin PBXVariantGroup section */
		4C3AAD38288FC0A600EDAAFF /* Main.storyboard */ = {
			isa = PBXVariantGroup;
			children = (
				4C3AAD39288FC0A600EDAAFF /* Base */,
			);
			name = Main.storyboard;
			sourceTree = "<group>";
		};
		4C3AAD3D288FC0A800EDAAFF /* LaunchScreen.storyboard */ = {
			isa = PBXVariantGroup;
			children = (
				4C3AAD3E288FC0A800EDAAFF /* Base */,
			);
			name = LaunchScreen.storyboard;
			sourceTree = "<group>";
		};
/* End PBXVariantGroup section */

/* Begin XCBuildConfiguration section */
		4C3AAD41288FC0A800EDAAFF /* Debug */ = {
			isa = XCBuildConfiguration;
			buildSettings = {
				ALWAYS_SEARCH_USER_PATHS = NO;
				CLANG_ANALYZER_NONNULL = YES;
				CLANG_ANALYZER_NUMBER_OBJECT_CONVERSION = YES_AGGRESSIVE;
				CLANG_CXX_LANGUAGE_STANDARD = "gnu++17";
				CLANG_ENABLE_MODULES = YES;
				CLANG_ENABLE_OBJC_ARC = YES;
				CLANG_ENABLE_OBJC_WEAK = YES;
				CLANG_WARN_BLOCK_CAPTURE_AUTORELEASING = YES;
				CLANG_WARN_BOOL_CONVERSION = YES;
				CLANG_WARN_COMMA = YES;
				CLANG_WARN_CONSTANT_CONVERSION = YES;
				CLANG_WARN_DEPRECATED_OBJC_IMPLEMENTATIONS = YES;
				CLANG_WARN_DIRECT_OBJC_ISA_USAGE = YES_ERROR;
				CLANG_WARN_DOCUMENTATION_COMMENTS = YES;
				CLANG_WARN_EMPTY_BODY = YES;
				CLANG_WARN_ENUM_CONVERSION = YES;
				CLANG_WARN_INFINITE_RECURSION = YES;
				CLANG_WARN_INT_CONVERSION = YES;
				CLANG_WARN_NON_LITERAL_NULL_CONVERSION = YES;
				CLANG_WARN_OBJC_IMPLICIT_RETAIN_SELF = YES;
				CLANG_WARN_OBJC_LITERAL_CONVERSION = YES;
				CLANG_WARN_OBJC_ROOT_CLASS = YES_ERROR;
				CLANG_WARN_QUOTED_INCLUDE_IN_FRAMEWORK_HEADER = YES;
				CLANG_WARN_RANGE_LOOP_ANALYSIS = YES;
				CLANG_WARN_STRICT_PROTOTYPES = YES;
				CLANG_WARN_SUSPICIOUS_MOVE = YES;
				CLANG_WARN_UNGUARDED_AVAILABILITY = YES_AGGRESSIVE;
				CLANG_WARN_UNREACHABLE_CODE = YES;
				CLANG_WARN__DUPLICATE_METHOD_MATCH = YES;
				COPY_PHASE_STRIP = NO;
				DEBUG_INFORMATION_FORMAT = dwarf;
				ENABLE_STRICT_OBJC_MSGSEND = YES;
				ENABLE_TESTABILITY = YES;
				GCC_C_LANGUAGE_STANDARD = gnu11;
				GCC_DYNAMIC_NO_PIC = NO;
				GCC_NO_COMMON_BLOCKS = YES;
				GCC_OPTIMIZATION_LEVEL = 0;
				GCC_PREPROCESSOR_DEFINITIONS = (
					"DEBUG=1",
					"$(inherited)",
				);
				GCC_WARN_64_TO_32_BIT_CONVERSION = YES;
				GCC_WARN_ABOUT_RETURN_TYPE = YES_ERROR;
				GCC_WARN_UNDECLARED_SELECTOR = YES;
				GCC_WARN_UNINITIALIZED_AUTOS = YES_AGGRESSIVE;
				GCC_WARN_UNUSED_FUNCTION = YES;
				GCC_WARN_UNUSED_VARIABLE = YES;
				IPHONEOS_DEPLOYMENT_TARGET = 15.5;
				MTL_ENABLE_DEBUG_INFO = INCLUDE_SOURCE;
				MTL_FAST_MATH = YES;
				ONLY_ACTIVE_ARCH = YES;
				SDKROOT = iphoneos;
				SWIFT_ACTIVE_COMPILATION_CONDITIONS = DEBUG;
				SWIFT_OPTIMIZATION_LEVEL = "-Onone";
			};
			name = Debug;
		};
		4C3AAD42288FC0A800EDAAFF /* Release */ = {
			isa = XCBuildConfiguration;
			buildSettings = {
				ALWAYS_SEARCH_USER_PATHS = NO;
				CLANG_ANALYZER_NONNULL = YES;
				CLANG_ANALYZER_NUMBER_OBJECT_CONVERSION = YES_AGGRESSIVE;
				CLANG_CXX_LANGUAGE_STANDARD = "gnu++17";
				CLANG_ENABLE_MODULES = YES;
				CLANG_ENABLE_OBJC_ARC = YES;
				CLANG_ENABLE_OBJC_WEAK = YES;
				CLANG_WARN_BLOCK_CAPTURE_AUTORELEASING = YES;
				CLANG_WARN_BOOL_CONVERSION = YES;
				CLANG_WARN_COMMA = YES;
				CLANG_WARN_CONSTANT_CONVERSION = YES;
				CLANG_WARN_DEPRECATED_OBJC_IMPLEMENTATIONS = YES;
				CLANG_WARN_DIRECT_OBJC_ISA_USAGE = YES_ERROR;
				CLANG_WARN_DOCUMENTATION_COMMENTS = YES;
				CLANG_WARN_EMPTY_BODY = YES;
				CLANG_WARN_ENUM_CONVERSION = YES;
				CLANG_WARN_INFINITE_RECURSION = YES;
				CLANG_WARN_INT_CONVERSION = YES;
				CLANG_WARN_NON_LITERAL_NULL_CONVERSION = YES;
				CLANG_WARN_OBJC_IMPLICIT_RETAIN_SELF = YES;
				CLANG_WARN_OBJC_LITERAL_CONVERSION = YES;
				CLANG_WARN_OBJC_ROOT_CLASS = YES_ERROR;
				CLANG_WARN_QUOTED_INCLUDE_IN_FRAMEWORK_HEADER = YES;
				CLANG_WARN_RANGE_LOOP_ANALYSIS = YES;
				CLANG_WARN_STRICT_PROTOTYPES = YES;
				CLANG_WARN_SUSPICIOUS_MOVE = YES;
				CLANG_WARN_UNGUARDED_AVAILABILITY = YES_AGGRESSIVE;
				CLANG_WARN_UNREACHABLE_CODE = YES;
				CLANG_WARN__DUPLICATE_METHOD_MATCH = YES;
				COPY_PHASE_STRIP = NO;
				DEBUG_INFORMATION_FORMAT = "dwarf-with-dsym";
				ENABLE_NS_ASSERTIONS = NO;
				ENABLE_STRICT_OBJC_MSGSEND = YES;
				GCC_C_LANGUAGE_STANDARD = gnu11;
				GCC_NO_COMMON_BLOCKS = YES;
				GCC_WARN_64_TO_32_BIT_CONVERSION = YES;
				GCC_WARN_ABOUT_RETURN_TYPE = YES_ERROR;
				GCC_WARN_UNDECLARED_SELECTOR = YES;
				GCC_WARN_UNINITIALIZED_AUTOS = YES_AGGRESSIVE;
				GCC_WARN_UNUSED_FUNCTION = YES;
				GCC_WARN_UNUSED_VARIABLE = YES;
				IPHONEOS_DEPLOYMENT_TARGET = 15.5;
				MTL_ENABLE_DEBUG_INFO = NO;
				MTL_FAST_MATH = YES;
				SDKROOT = iphoneos;
				SWIFT_COMPILATION_MODE = wholemodule;
				SWIFT_OPTIMIZATION_LEVEL = "-O";
				VALIDATE_PRODUCT = YES;
			};
			name = Release;
		};
		4C3AAD44288FC0A800EDAAFF /* Debug */ = {
			isa = XCBuildConfiguration;
			buildSettings = {
				ASSETCATALOG_COMPILER_APPICON_NAME = AppIcon;
				ASSETCATALOG_COMPILER_GLOBAL_ACCENT_COLOR_NAME = AccentColor;
				CODE_SIGN_STYLE = Automatic;
				CURRENT_PROJECT_VERSION = 1;
				DEVELOPMENT_TEAM = 37GVH438CS;
				GENERATE_INFOPLIST_FILE = YES;
				INFOPLIST_FILE = Drink/Info.plist;
				INFOPLIST_KEY_UIApplicationSupportsIndirectInputEvents = YES;
				INFOPLIST_KEY_UILaunchStoryboardName = LaunchScreen;
				INFOPLIST_KEY_UIMainStoryboardFile = Main;
				INFOPLIST_KEY_UISupportedInterfaceOrientations_iPad = "UIInterfaceOrientationPortrait UIInterfaceOrientationPortraitUpsideDown UIInterfaceOrientationLandscapeLeft UIInterfaceOrientationLandscapeRight";
				INFOPLIST_KEY_UISupportedInterfaceOrientations_iPhone = "UIInterfaceOrientationPortrait UIInterfaceOrientationLandscapeLeft UIInterfaceOrientationLandscapeRight";
				LD_RUNPATH_SEARCH_PATHS = (
					"$(inherited)",
					"@executable_path/Frameworks",
				);
				MARKETING_VERSION = 1.0;
				PRODUCT_BUNDLE_IDENTIFIER = kr.co.eslerkang.Drink;
				PRODUCT_NAME = "$(TARGET_NAME)";
				SWIFT_EMIT_LOC_STRINGS = YES;
				SWIFT_VERSION = 5.0;
				TARGETED_DEVICE_FAMILY = "1,2";
			};
			name = Debug;
		};
		4C3AAD45288FC0A800EDAAFF /* Release */ = {
			isa = XCBuildConfiguration;
			buildSettings = {
				ASSETCATALOG_COMPILER_APPICON_NAME = AppIcon;
				ASSETCATALOG_COMPILER_GLOBAL_ACCENT_COLOR_NAME = AccentColor;
				CODE_SIGN_STYLE = Automatic;
				CURRENT_PROJECT_VERSION = 1;
				DEVELOPMENT_TEAM = 37GVH438CS;
				GENERATE_INFOPLIST_FILE = YES;
				INFOPLIST_FILE = Drink/Info.plist;
				INFOPLIST_KEY_UIApplicationSupportsIndirectInputEvents = YES;
				INFOPLIST_KEY_UILaunchStoryboardName = LaunchScreen;
				INFOPLIST_KEY_UIMainStoryboardFile = Main;
				INFOPLIST_KEY_UISupportedInterfaceOrientations_iPad = "UIInterfaceOrientationPortrait UIInterfaceOrientationPortraitUpsideDown UIInterfaceOrientationLandscapeLeft UIInterfaceOrientationLandscapeRight";
				INFOPLIST_KEY_UISupportedInterfaceOrientations_iPhone = "UIInterfaceOrientationPortrait UIInterfaceOrientationLandscapeLeft UIInterfaceOrientationLandscapeRight";
				LD_RUNPATH_SEARCH_PATHS = (
					"$(inherited)",
					"@executable_path/Frameworks",
				);
				MARKETING_VERSION = 1.0;
				PRODUCT_BUNDLE_IDENTIFIER = kr.co.eslerkang.Drink;
				PRODUCT_NAME = "$(TARGET_NAME)";
				SWIFT_EMIT_LOC_STRINGS = YES;
				SWIFT_VERSION = 5.0;
				TARGETED_DEVICE_FAMILY = "1,2";
			};
			name = Release;
		};
/* End XCBuildConfiguration section */

/* Begin XCConfigurationList section */
		4C3AAD2A288FC0A600EDAAFF /* Build configuration list for PBXProject "Drink" */ = {
			isa = XCConfigurationList;
			buildConfigurations = (
				4C3AAD41288FC0A800EDAAFF /* Debug */,
				4C3AAD42288FC0A800EDAAFF /* Release */,
			);
			defaultConfigurationIsVisible = 0;
			defaultConfigurationName = Release;
		};
		4C3AAD43288FC0A800EDAAFF /* Build configuration list for PBXNativeTarget "Drink" */ = {
			isa = XCConfigurationList;
			buildConfigurations = (
				4C3AAD44288FC0A800EDAAFF /* Debug */,
				4C3AAD45288FC0A800EDAAFF /* Release */,
			);
			defaultConfigurationIsVisible = 0;
			defaultConfigurationName = Release;
		};
/* End XCConfigurationList section */
	};
	rootObject = 4C3AAD27288FC0A600EDAAFF /* Project object */;
}
